// !$*UTF8*$!
{
	archiveVersion = 1;
	classes = {
	};
	objectVersion = 46;
	objects = {

/* Begin PBXBuildFile section */
		A6484D6C182336BF008041A7 /* CoreMotion.framework in Frameworks */ = {isa = PBXBuildFile; fileRef = A6484D6B182336BF008041A7 /* CoreMotion.framework */; };
		A6484D71182346D0008041A7 /* playerLeftShip.png in Resources */ = {isa = PBXBuildFile; fileRef = A6484D6D182346D0008041A7 /* playerLeftShip.png */; };
		A6484D72182346D0008041A7 /* playerLeftShip@2x.png in Resources */ = {isa = PBXBuildFile; fileRef = A6484D6E182346D0008041A7 /* playerLeftShip@2x.png */; };
		A6484D73182346D0008041A7 /* playerRightShip.png in Resources */ = {isa = PBXBuildFile; fileRef = A6484D6F182346D0008041A7 /* playerRightShip.png */; };
		A6484D74182346D0008041A7 /* playerRightShip@2x.png in Resources */ = {isa = PBXBuildFile; fileRef = A6484D70182346D0008041A7 /* playerRightShip@2x.png */; };
		A6484DB518235811008041A7 /* alienDestroyed2.png in Resources */ = {isa = PBXBuildFile; fileRef = A6484D7518235810008041A7 /* alienDestroyed2.png */; };
		A6484DB618235811008041A7 /* alienDestroyed2@2x.png in Resources */ = {isa = PBXBuildFile; fileRef = A6484D7618235810008041A7 /* alienDestroyed2@2x.png */; };
		A6484DB718235811008041A7 /* alienDestroyed3.png in Resources */ = {isa = PBXBuildFile; fileRef = A6484D7718235810008041A7 /* alienDestroyed3.png */; };
		A6484DB818235811008041A7 /* alienDestroyed3@2x.png in Resources */ = {isa = PBXBuildFile; fileRef = A6484D7818235810008041A7 /* alienDestroyed3@2x.png */; };
		A6484DB918235811008041A7 /* alienDestroyed4.png in Resources */ = {isa = PBXBuildFile; fileRef = A6484D7918235810008041A7 /* alienDestroyed4.png */; };
		A6484DBA18235811008041A7 /* alienDestroyed4@2x.png in Resources */ = {isa = PBXBuildFile; fileRef = A6484D7A18235810008041A7 /* alienDestroyed4@2x.png */; };
		A6484DBB18235811008041A7 /* alienDestroyed5.png in Resources */ = {isa = PBXBuildFile; fileRef = A6484D7B18235810008041A7 /* alienDestroyed5.png */; };
		A6484DBC18235811008041A7 /* alienDestroyed5@2x.png in Resources */ = {isa = PBXBuildFile; fileRef = A6484D7C18235810008041A7 /* alienDestroyed5@2x.png */; };
		A6484DBD18235811008041A7 /* alienDestroyed6.png in Resources */ = {isa = PBXBuildFile; fileRef = A6484D7D18235810008041A7 /* alienDestroyed6.png */; };
		A6484DBE18235811008041A7 /* alienDestroyed6@2x.png in Resources */ = {isa = PBXBuildFile; fileRef = A6484D7E18235810008041A7 /* alienDestroyed6@2x.png */; };
		A6484DBF18235811008041A7 /* alienDestroyed7.png in Resources */ = {isa = PBXBuildFile; fileRef = A6484D7F18235810008041A7 /* alienDestroyed7.png */; };
		A6484DC018235811008041A7 /* alienDestroyed7@2x.png in Resources */ = {isa = PBXBuildFile; fileRef = A6484D8018235810008041A7 /* alienDestroyed7@2x.png */; };
		A6484DC118235811008041A7 /* alienDestroyed8.png in Resources */ = {isa = PBXBuildFile; fileRef = A6484D8118235810008041A7 /* alienDestroyed8.png */; };
		A6484DC218235811008041A7 /* alienDestroyed8@2x.png in Resources */ = {isa = PBXBuildFile; fileRef = A6484D8218235811008041A7 /* alienDestroyed8@2x.png */; };
		A6484DC318235811008041A7 /* alienDestroyed9.png in Resources */ = {isa = PBXBuildFile; fileRef = A6484D8318235811008041A7 /* alienDestroyed9.png */; };
		A6484DC418235811008041A7 /* alienDestroyed9@2x.png in Resources */ = {isa = PBXBuildFile; fileRef = A6484D8418235811008041A7 /* alienDestroyed9@2x.png */; };
		A6484DC518235811008041A7 /* alienDestroyed10.png in Resources */ = {isa = PBXBuildFile; fileRef = A6484D8518235811008041A7 /* alienDestroyed10.png */; };
		A6484DC618235811008041A7 /* alienDestroyed10@2x.png in Resources */ = {isa = PBXBuildFile; fileRef = A6484D8618235811008041A7 /* alienDestroyed10@2x.png */; };
		A6484DC718235811008041A7 /* alienDestroyed11.png in Resources */ = {isa = PBXBuildFile; fileRef = A6484D8718235811008041A7 /* alienDestroyed11.png */; };
		A6484DC818235811008041A7 /* alienDestroyed11@2x.png in Resources */ = {isa = PBXBuildFile; fileRef = A6484D8818235811008041A7 /* alienDestroyed11@2x.png */; };
		A6484DC918235811008041A7 /* alienLaserRoundShot.png in Resources */ = {isa = PBXBuildFile; fileRef = A6484D8918235811008041A7 /* alienLaserRoundShot.png */; };
		A6484DCA18235811008041A7 /* alienLaserRoundShot@2x.png in Resources */ = {isa = PBXBuildFile; fileRef = A6484D8A18235811008041A7 /* alienLaserRoundShot@2x.png */; };
		A6484DCB18235811008041A7 /* alienLaserShot.png in Resources */ = {isa = PBXBuildFile; fileRef = A6484D8B18235811008041A7 /* alienLaserShot.png */; };
		A6484DCC18235811008041A7 /* alienLaserShot@2x.png in Resources */ = {isa = PBXBuildFile; fileRef = A6484D8C18235811008041A7 /* alienLaserShot@2x.png */; };
		A6484DCD18235811008041A7 /* boosters.png in Resources */ = {isa = PBXBuildFile; fileRef = A6484D8D18235811008041A7 /* boosters.png */; };
		A6484DCE18235811008041A7 /* boosters@2x.png in Resources */ = {isa = PBXBuildFile; fileRef = A6484D8E18235811008041A7 /* boosters@2x.png */; };
		A6484DCF18235811008041A7 /* item1.png in Resources */ = {isa = PBXBuildFile; fileRef = A6484D8F18235811008041A7 /* item1.png */; };
		A6484DD018235811008041A7 /* item1@2x.png in Resources */ = {isa = PBXBuildFile; fileRef = A6484D9018235811008041A7 /* item1@2x.png */; };
		A6484DD118235811008041A7 /* item2.png in Resources */ = {isa = PBXBuildFile; fileRef = A6484D9118235811008041A7 /* item2.png */; };
		A6484DD218235811008041A7 /* item2@2x.png in Resources */ = {isa = PBXBuildFile; fileRef = A6484D9218235811008041A7 /* item2@2x.png */; };
		A6484DD318235811008041A7 /* item3.png in Resources */ = {isa = PBXBuildFile; fileRef = A6484D9318235811008041A7 /* item3.png */; };
		A6484DD418235811008041A7 /* item3@2x.png in Resources */ = {isa = PBXBuildFile; fileRef = A6484D9418235811008041A7 /* item3@2x.png */; };
		A6484DD518235811008041A7 /* item5.png in Resources */ = {isa = PBXBuildFile; fileRef = A6484D9518235811008041A7 /* item5.png */; };
		A6484DD618235811008041A7 /* item5@2x.png in Resources */ = {isa = PBXBuildFile; fileRef = A6484D9618235811008041A7 /* item5@2x.png */; };
		A6484DD718235811008041A7 /* item6.png in Resources */ = {isa = PBXBuildFile; fileRef = A6484D9718235811008041A7 /* item6.png */; };
		A6484DD818235811008041A7 /* item6@2x.png in Resources */ = {isa = PBXBuildFile; fileRef = A6484D9818235811008041A7 /* item6@2x.png */; };
		A6484DD918235811008041A7 /* item7.png in Resources */ = {isa = PBXBuildFile; fileRef = A6484D9918235811008041A7 /* item7.png */; };
		A6484DDA18235811008041A7 /* item7@2x.png in Resources */ = {isa = PBXBuildFile; fileRef = A6484D9A18235811008041A7 /* item7@2x.png */; };
		A6484DDB18235811008041A7 /* leftWeaponAddon.png in Resources */ = {isa = PBXBuildFile; fileRef = A6484D9B18235811008041A7 /* leftWeaponAddon.png */; };
		A6484DDC18235811008041A7 /* leftWeaponAddon@2x.png in Resources */ = {isa = PBXBuildFile; fileRef = A6484D9C18235811008041A7 /* leftWeaponAddon@2x.png */; };
		A6484DDD18235811008041A7 /* playerDestroyed1.png in Resources */ = {isa = PBXBuildFile; fileRef = A6484D9D18235811008041A7 /* playerDestroyed1.png */; };
		A6484DDE18235811008041A7 /* playerDestroyed1@2x.png in Resources */ = {isa = PBXBuildFile; fileRef = A6484D9E18235811008041A7 /* playerDestroyed1@2x.png */; };
		A6484DDF18235811008041A7 /* playerDestroyed2.png in Resources */ = {isa = PBXBuildFile; fileRef = A6484D9F18235811008041A7 /* playerDestroyed2.png */; };
		A6484DE018235811008041A7 /* playerDestroyed2@2x.png in Resources */ = {isa = PBXBuildFile; fileRef = A6484DA018235811008041A7 /* playerDestroyed2@2x.png */; };
		A6484DE118235811008041A7 /* playerDestroyed3.png in Resources */ = {isa = PBXBuildFile; fileRef = A6484DA118235811008041A7 /* playerDestroyed3.png */; };
		A6484DE218235811008041A7 /* playerDestroyed3@2x.png in Resources */ = {isa = PBXBuildFile; fileRef = A6484DA218235811008041A7 /* playerDestroyed3@2x.png */; };
		A6484DE318235811008041A7 /* playerDestroyed4.png in Resources */ = {isa = PBXBuildFile; fileRef = A6484DA318235811008041A7 /* playerDestroyed4.png */; };
		A6484DE418235811008041A7 /* playerDestroyed4@2x.png in Resources */ = {isa = PBXBuildFile; fileRef = A6484DA418235811008041A7 /* playerDestroyed4@2x.png */; };
		A6484DE518235811008041A7 /* playerDestroyed5.png in Resources */ = {isa = PBXBuildFile; fileRef = A6484DA518235811008041A7 /* playerDestroyed5.png */; };
		A6484DE618235811008041A7 /* playerDestroyed5@2x.png in Resources */ = {isa = PBXBuildFile; fileRef = A6484DA618235811008041A7 /* playerDestroyed5@2x.png */; };
		A6484DE718235811008041A7 /* playerDestroyed6.png in Resources */ = {isa = PBXBuildFile; fileRef = A6484DA718235811008041A7 /* playerDestroyed6.png */; };
		A6484DE818235811008041A7 /* playerDestroyed6@2x.png in Resources */ = {isa = PBXBuildFile; fileRef = A6484DA818235811008041A7 /* playerDestroyed6@2x.png */; };
		A6484DE918235811008041A7 /* playerDestroyed7.png in Resources */ = {isa = PBXBuildFile; fileRef = A6484DA918235811008041A7 /* playerDestroyed7.png */; };
		A6484DEA18235811008041A7 /* playerDestroyed7@2x.png in Resources */ = {isa = PBXBuildFile; fileRef = A6484DAA18235811008041A7 /* playerDestroyed7@2x.png */; };
		A6484DEB18235811008041A7 /* playerDestroyed8.png in Resources */ = {isa = PBXBuildFile; fileRef = A6484DAB18235811008041A7 /* playerDestroyed8.png */; };
		A6484DEC18235811008041A7 /* playerDestroyed8@2x.png in Resources */ = {isa = PBXBuildFile; fileRef = A6484DAC18235811008041A7 /* playerDestroyed8@2x.png */; };
		A6484DED18235811008041A7 /* playerDestroyed9.png in Resources */ = {isa = PBXBuildFile; fileRef = A6484DAD18235811008041A7 /* playerDestroyed9.png */; };
		A6484DEE18235811008041A7 /* playerDestroyed9@2x.png in Resources */ = {isa = PBXBuildFile; fileRef = A6484DAE18235811008041A7 /* playerDestroyed9@2x.png */; };
		A6484DEF18235811008041A7 /* playerDestroyed10 @2xpng.png in Resources */ = {isa = PBXBuildFile; fileRef = A6484DAF18235811008041A7 /* playerDestroyed10 @2xpng.png */; };
		A6484DF018235811008041A7 /* playerDestroyed10.png in Resources */ = {isa = PBXBuildFile; fileRef = A6484DB018235811008041A7 /* playerDestroyed10.png */; };
		A6484DF118235811008041A7 /* playerDestroyed11.png in Resources */ = {isa = PBXBuildFile; fileRef = A6484DB118235811008041A7 /* playerDestroyed11.png */; };
		A6484DF218235811008041A7 /* playerDestroyed11@2x.png in Resources */ = {isa = PBXBuildFile; fileRef = A6484DB218235811008041A7 /* playerDestroyed11@2x.png */; };
		A6484DF318235811008041A7 /* rightWeaponAddon.png in Resources */ = {isa = PBXBuildFile; fileRef = A6484DB318235811008041A7 /* rightWeaponAddon.png */; };
		A6484DF418235811008041A7 /* rightWeaponAddon@2x.png in Resources */ = {isa = PBXBuildFile; fileRef = A6484DB418235811008041A7 /* rightWeaponAddon@2x.png */; };
		A66DB8501821D9E10083DEF3 /* greenBomberAlien.png in Resources */ = {isa = PBXBuildFile; fileRef = A66DB8201821D9E10083DEF3 /* greenBomberAlien.png */; };
		A66DB8511821D9E10083DEF3 /* greenBomberAlien@2x.png in Resources */ = {isa = PBXBuildFile; fileRef = A66DB8211821D9E10083DEF3 /* greenBomberAlien@2x.png */; };
		A66DB8521821D9E10083DEF3 /* greenBomberLeftAlien.png in Resources */ = {isa = PBXBuildFile; fileRef = A66DB8221821D9E10083DEF3 /* greenBomberLeftAlien.png */; };
		A66DB8531821D9E10083DEF3 /* greenBomberLeftAlien@2x.png in Resources */ = {isa = PBXBuildFile; fileRef = A66DB8231821D9E10083DEF3 /* greenBomberLeftAlien@2x.png */; };
		A66DB8541821D9E10083DEF3 /* greenBomberRightAlien.png in Resources */ = {isa = PBXBuildFile; fileRef = A66DB8241821D9E10083DEF3 /* greenBomberRightAlien.png */; };
		A66DB8551821D9E10083DEF3 /* greenBomberRightAlien@2x.png in Resources */ = {isa = PBXBuildFile; fileRef = A66DB8251821D9E10083DEF3 /* greenBomberRightAlien@2x.png */; };
		A66DB8561821D9E10083DEF3 /* greenFighterAlien.png in Resources */ = {isa = PBXBuildFile; fileRef = A66DB8261821D9E10083DEF3 /* greenFighterAlien.png */; };
		A66DB8571821D9E10083DEF3 /* greenFighterAlien@2x.png in Resources */ = {isa = PBXBuildFile; fileRef = A66DB8271821D9E10083DEF3 /* greenFighterAlien@2x.png */; };
		A66DB8581821D9E10083DEF3 /* greenFighterLeftAlien.png in Resources */ = {isa = PBXBuildFile; fileRef = A66DB8281821D9E10083DEF3 /* greenFighterLeftAlien.png */; };
		A66DB8591821D9E10083DEF3 /* greenFighterLeftAlien@2x.png in Resources */ = {isa = PBXBuildFile; fileRef = A66DB8291821D9E10083DEF3 /* greenFighterLeftAlien@2x.png */; };
		A66DB85A1821D9E10083DEF3 /* greenFighterRightAlien.png in Resources */ = {isa = PBXBuildFile; fileRef = A66DB82A1821D9E10083DEF3 /* greenFighterRightAlien.png */; };
		A66DB85B1821D9E10083DEF3 /* greenFighterRightAlien@2x.png in Resources */ = {isa = PBXBuildFile; fileRef = A66DB82B1821D9E10083DEF3 /* greenFighterRightAlien@2x.png */; };
		A66DB85C1821D9E10083DEF3 /* orangeJuggernautAlien.png in Resources */ = {isa = PBXBuildFile; fileRef = A66DB82C1821D9E10083DEF3 /* orangeJuggernautAlien.png */; };
		A66DB85D1821D9E10083DEF3 /* orangeJuggernautAlien@2x.png in Resources */ = {isa = PBXBuildFile; fileRef = A66DB82D1821D9E10083DEF3 /* orangeJuggernautAlien@2x.png */; };
		A66DB85E1821D9E10083DEF3 /* orangeJuggernautLeftAlien.png in Resources */ = {isa = PBXBuildFile; fileRef = A66DB82E1821D9E10083DEF3 /* orangeJuggernautLeftAlien.png */; };
		A66DB85F1821D9E10083DEF3 /* orangeJuggernautLeftAlien@2x.png in Resources */ = {isa = PBXBuildFile; fileRef = A66DB82F1821D9E10083DEF3 /* orangeJuggernautLeftAlien@2x.png */; };
		A66DB8601821D9E10083DEF3 /* orangeJuggernautRightAlien.png in Resources */ = {isa = PBXBuildFile; fileRef = A66DB8301821D9E10083DEF3 /* orangeJuggernautRightAlien.png */; };
		A66DB8611821D9E10083DEF3 /* orangeJuggernautRightAlien@2x.png in Resources */ = {isa = PBXBuildFile; fileRef = A66DB8311821D9E10083DEF3 /* orangeJuggernautRightAlien@2x.png */; };
		A66DB8621821D9E10083DEF3 /* redBomberAlien.png in Resources */ = {isa = PBXBuildFile; fileRef = A66DB8321821D9E10083DEF3 /* redBomberAlien.png */; };
		A66DB8631821D9E10083DEF3 /* redBomberAlien@2x.png in Resources */ = {isa = PBXBuildFile; fileRef = A66DB8331821D9E10083DEF3 /* redBomberAlien@2x.png */; };
		A66DB8641821D9E10083DEF3 /* redBomberLeftAlien.png in Resources */ = {isa = PBXBuildFile; fileRef = A66DB8341821D9E10083DEF3 /* redBomberLeftAlien.png */; };
		A66DB8651821D9E10083DEF3 /* redBomberLeftAlien@2x.png in Resources */ = {isa = PBXBuildFile; fileRef = A66DB8351821D9E10083DEF3 /* redBomberLeftAlien@2x.png */; };
		A66DB8661821D9E10083DEF3 /* redBomberRightAlien.png in Resources */ = {isa = PBXBuildFile; fileRef = A66DB8361821D9E10083DEF3 /* redBomberRightAlien.png */; };
		A66DB8671821D9E10083DEF3 /* redBomberRightAlien@2x.png in Resources */ = {isa = PBXBuildFile; fileRef = A66DB8371821D9E10083DEF3 /* redBomberRightAlien@2x.png */; };
		A66DB8681821D9E10083DEF3 /* redFighterAlien.png in Resources */ = {isa = PBXBuildFile; fileRef = A66DB8381821D9E10083DEF3 /* redFighterAlien.png */; };
		A66DB8691821D9E10083DEF3 /* redFighterAlien@2x.png in Resources */ = {isa = PBXBuildFile; fileRef = A66DB8391821D9E10083DEF3 /* redFighterAlien@2x.png */; };
		A66DB86A1821D9E10083DEF3 /* redFighterLeftAlien.png in Resources */ = {isa = PBXBuildFile; fileRef = A66DB83A1821D9E10083DEF3 /* redFighterLeftAlien.png */; };
		A66DB86B1821D9E10083DEF3 /* redFighterLeftAlien@2x.png in Resources */ = {isa = PBXBuildFile; fileRef = A66DB83B1821D9E10083DEF3 /* redFighterLeftAlien@2x.png */; };
		A66DB86C1821D9E10083DEF3 /* redFighterRightAlien.png in Resources */ = {isa = PBXBuildFile; fileRef = A66DB83C1821D9E10083DEF3 /* redFighterRightAlien.png */; };
		A66DB86D1821D9E10083DEF3 /* redFighterRightAlien@2x.png in Resources */ = {isa = PBXBuildFile; fileRef = A66DB83D1821D9E10083DEF3 /* redFighterRightAlien@2x.png */; };
		A66DB86E1821D9E10083DEF3 /* violetInterceptorAlien.png in Resources */ = {isa = PBXBuildFile; fileRef = A66DB83E1821D9E10083DEF3 /* violetInterceptorAlien.png */; };
		A66DB86F1821D9E10083DEF3 /* violetInterceptorAlien@2x.png in Resources */ = {isa = PBXBuildFile; fileRef = A66DB83F1821D9E10083DEF3 /* violetInterceptorAlien@2x.png */; };
		A66DB8701821D9E10083DEF3 /* violetInterceptorLeftAlien.png in Resources */ = {isa = PBXBuildFile; fileRef = A66DB8401821D9E10083DEF3 /* violetInterceptorLeftAlien.png */; };
		A66DB8711821D9E10083DEF3 /* violetInterceptorLeftAlien@2x.png in Resources */ = {isa = PBXBuildFile; fileRef = A66DB8411821D9E10083DEF3 /* violetInterceptorLeftAlien@2x.png */; };
		A66DB8721821D9E10083DEF3 /* violetInterceptorRightAlien.png in Resources */ = {isa = PBXBuildFile; fileRef = A66DB8421821D9E10083DEF3 /* violetInterceptorRightAlien.png */; };
		A66DB8731821D9E10083DEF3 /* violetInterceptorRightAlien@2x.png in Resources */ = {isa = PBXBuildFile; fileRef = A66DB8431821D9E10083DEF3 /* violetInterceptorRightAlien@2x.png */; };
		A66DB8741821D9E10083DEF3 /* yellowInterceptorAlien.png in Resources */ = {isa = PBXBuildFile; fileRef = A66DB8441821D9E10083DEF3 /* yellowInterceptorAlien.png */; };
		A66DB8751821D9E10083DEF3 /* yellowInterceptorAlien@2x.png in Resources */ = {isa = PBXBuildFile; fileRef = A66DB8451821D9E10083DEF3 /* yellowInterceptorAlien@2x.png */; };
		A66DB8761821D9E10083DEF3 /* yellowInterceptorLeftAlien.png in Resources */ = {isa = PBXBuildFile; fileRef = A66DB8461821D9E10083DEF3 /* yellowInterceptorLeftAlien.png */; };
		A66DB8771821D9E10083DEF3 /* yellowInterceptorLeftAlien@2x.png in Resources */ = {isa = PBXBuildFile; fileRef = A66DB8471821D9E10083DEF3 /* yellowInterceptorLeftAlien@2x.png */; };
		A66DB8781821D9E10083DEF3 /* yellowInterceptorRightAlien.png in Resources */ = {isa = PBXBuildFile; fileRef = A66DB8481821D9E10083DEF3 /* yellowInterceptorRightAlien.png */; };
		A66DB8791821D9E10083DEF3 /* yellowInterceptorRightAlien@2x.png in Resources */ = {isa = PBXBuildFile; fileRef = A66DB8491821D9E10083DEF3 /* yellowInterceptorRightAlien@2x.png */; };
		A66DB87A1821D9E10083DEF3 /* yellowJuggernautAlien.png in Resources */ = {isa = PBXBuildFile; fileRef = A66DB84A1821D9E10083DEF3 /* yellowJuggernautAlien.png */; };
		A66DB87B1821D9E10083DEF3 /* yellowJuggernautAlien@2x.png in Resources */ = {isa = PBXBuildFile; fileRef = A66DB84B1821D9E10083DEF3 /* yellowJuggernautAlien@2x.png */; };
		A66DB87C1821D9E10083DEF3 /* yellowJuggernautLeftAlien.png in Resources */ = {isa = PBXBuildFile; fileRef = A66DB84C1821D9E10083DEF3 /* yellowJuggernautLeftAlien.png */; };
		A66DB87D1821D9E10083DEF3 /* yellowJuggernautLeftAlien@2x.png in Resources */ = {isa = PBXBuildFile; fileRef = A66DB84D1821D9E10083DEF3 /* yellowJuggernautLeftAlien@2x.png */; };
		A66DB87E1821D9E10083DEF3 /* yellowJuggernautRightAlien.png in Resources */ = {isa = PBXBuildFile; fileRef = A66DB84E1821D9E10083DEF3 /* yellowJuggernautRightAlien.png */; };
		A66DB87F1821D9E10083DEF3 /* yellowJuggernautRightAlien@2x.png in Resources */ = {isa = PBXBuildFile; fileRef = A66DB84F1821D9E10083DEF3 /* yellowJuggernautRightAlien@2x.png */; };
		A66DB8821821DAB20083DEF3 /* Alien.m in Sources */ = {isa = PBXBuildFile; fileRef = A66DB8811821DAB20083DEF3 /* Alien.m */; };
		A66DB8851821DAF00083DEF3 /* AlienService.m in Sources */ = {isa = PBXBuildFile; fileRef = A66DB8841821DAF00083DEF3 /* AlienService.m */; };
		A66DB8881821DDCE0083DEF3 /* GameLogicService.m in Sources */ = {isa = PBXBuildFile; fileRef = A66DB8871821DDCE0083DEF3 /* GameLogicService.m */; };
		A66DB88C1821DF1C0083DEF3 /* SPConstants.m in Sources */ = {isa = PBXBuildFile; fileRef = A66DB88B1821DF1C0083DEF3 /* SPConstants.m */; };
		A66DB88F1821F7970083DEF3 /* SPEnums.m in Sources */ = {isa = PBXBuildFile; fileRef = A66DB88E1821F7970083DEF3 /* SPEnums.m */; };
		A6AFF3C6181F7BF5004CD462 /* Foundation.framework in Frameworks */ = {isa = PBXBuildFile; fileRef = A6AFF3C5181F7BF5004CD462 /* Foundation.framework */; };
		A6AFF3C8181F7BF5004CD462 /* CoreGraphics.framework in Frameworks */ = {isa = PBXBuildFile; fileRef = A6AFF3C7181F7BF5004CD462 /* CoreGraphics.framework */; };
		A6AFF3CA181F7BF5004CD462 /* UIKit.framework in Frameworks */ = {isa = PBXBuildFile; fileRef = A6AFF3C9181F7BF5004CD462 /* UIKit.framework */; };
		A6AFF3CC181F7BF5004CD462 /* SpriteKit.framework in Frameworks */ = {isa = PBXBuildFile; fileRef = A6AFF3CB181F7BF5004CD462 /* SpriteKit.framework */; };
		A6AFF3D2181F7BF5004CD462 /* InfoPlist.strings in Resources */ = {isa = PBXBuildFile; fileRef = A6AFF3D0181F7BF5004CD462 /* InfoPlist.strings */; };
		A6AFF3D4181F7BF5004CD462 /* main.m in Sources */ = {isa = PBXBuildFile; fileRef = A6AFF3D3181F7BF5004CD462 /* main.m */; };
		A6AFF3D8181F7BF5004CD462 /* AppDelegate.m in Sources */ = {isa = PBXBuildFile; fileRef = A6AFF3D7181F7BF5004CD462 /* AppDelegate.m */; };
		A6AFF3DB181F7BF5004CD462 /* Main.storyboard in Resources */ = {isa = PBXBuildFile; fileRef = A6AFF3D9181F7BF5004CD462 /* Main.storyboard */; };
		A6AFF3DE181F7BF5004CD462 /* GameViewController.m in Sources */ = {isa = PBXBuildFile; fileRef = A6AFF3DD181F7BF5004CD462 /* GameViewController.m */; };
		A6AFF3E1181F7BF5004CD462 /* MyScene.m in Sources */ = {isa = PBXBuildFile; fileRef = A6AFF3E0181F7BF5004CD462 /* MyScene.m */; };
		A6AFF3E5181F7BF5004CD462 /* Images.xcassets in Resources */ = {isa = PBXBuildFile; fileRef = A6AFF3E4181F7BF5004CD462 /* Images.xcassets */; };
		A6AFF3EC181F7BF5004CD462 /* XCTest.framework in Frameworks */ = {isa = PBXBuildFile; fileRef = A6AFF3EB181F7BF5004CD462 /* XCTest.framework */; };
		A6AFF3ED181F7BF5004CD462 /* Foundation.framework in Frameworks */ = {isa = PBXBuildFile; fileRef = A6AFF3C5181F7BF5004CD462 /* Foundation.framework */; };
		A6AFF3EE181F7BF5004CD462 /* UIKit.framework in Frameworks */ = {isa = PBXBuildFile; fileRef = A6AFF3C9181F7BF5004CD462 /* UIKit.framework */; };
		A6AFF3F6181F7BF5004CD462 /* InfoPlist.strings in Resources */ = {isa = PBXBuildFile; fileRef = A6AFF3F4181F7BF5004CD462 /* InfoPlist.strings */; };
		A6AFF3F8181F7BF5004CD462 /* SpaceTests.m in Sources */ = {isa = PBXBuildFile; fileRef = A6AFF3F7181F7BF5004CD462 /* SpaceTests.m */; };
		A6AFF40C181F81AC004CD462 /* playerShip.png in Resources */ = {isa = PBXBuildFile; fileRef = A6AFF406181F81AC004CD462 /* playerShip.png */; };
		A6AFF40D181F81AC004CD462 /* playerShip@2x.png in Resources */ = {isa = PBXBuildFile; fileRef = A6AFF407181F81AC004CD462 /* playerShip@2x.png */; };
		A6E113771820D43300847F33 /* playerShot.png in Resources */ = {isa = PBXBuildFile; fileRef = A6E113741820D43300847F33 /* playerShot.png */; };
		A6E113781820D43300847F33 /* playerShot@2x.png in Resources */ = {isa = PBXBuildFile; fileRef = A6E113751820D43300847F33 /* playerShot@2x.png */; };
		A6E1137D1820D4BE00847F33 /* ServiceBase.m in Sources */ = {isa = PBXBuildFile; fileRef = A6E1137C1820D4BE00847F33 /* ServiceBase.m */; };
		A6E113801820D51700847F33 /* LaserService.m in Sources */ = {isa = PBXBuildFile; fileRef = A6E1137F1820D51700847F33 /* LaserService.m */; };
		A6E113841820D61000847F33 /* DomainObjectBase.m in Sources */ = {isa = PBXBuildFile; fileRef = A6E113831820D61000847F33 /* DomainObjectBase.m */; };
		A6E113871820D62600847F33 /* Laser.m in Sources */ = {isa = PBXBuildFile; fileRef = A6E113861820D62600847F33 /* Laser.m */; };
		A6E1138A1820D72500847F33 /* Player.m in Sources */ = {isa = PBXBuildFile; fileRef = A6E113891820D72500847F33 /* Player.m */; };
		A6E1138D1820D97600847F33 /* PlayerService.m in Sources */ = {isa = PBXBuildFile; fileRef = A6E1138C1820D97600847F33 /* PlayerService.m */; };
		A6E113901820E2FC00847F33 /* BackgroundService.m in Sources */ = {isa = PBXBuildFile; fileRef = A6E1138F1820E2FC00847F33 /* BackgroundService.m */; };
		A6E113931820E31E00847F33 /* Background.m in Sources */ = {isa = PBXBuildFile; fileRef = A6E113921820E31E00847F33 /* Background.m */; };
		A6E1139D1820E6FC00847F33 /* UIScreen+ScreenSize.m in Sources */ = {isa = PBXBuildFile; fileRef = A6E1139C1820E6FC00847F33 /* UIScreen+ScreenSize.m */; };
		A6E113A01820E96C00847F33 /* spaceBackground.jpg in Resources */ = {isa = PBXBuildFile; fileRef = A6E1139E1820E96C00847F33 /* spaceBackground.jpg */; };
		A6E113A11820E96C00847F33 /* spaceBackground@2x.jpg in Resources */ = {isa = PBXBuildFile; fileRef = A6E1139F1820E96C00847F33 /* spaceBackground@2x.jpg */; };
/* End PBXBuildFile section */

/* Begin PBXContainerItemProxy section */
		A6AFF3EF181F7BF5004CD462 /* PBXContainerItemProxy */ = {
			isa = PBXContainerItemProxy;
			containerPortal = A6AFF3BA181F7BF5004CD462 /* Project object */;
			proxyType = 1;
			remoteGlobalIDString = A6AFF3C1181F7BF5004CD462;
			remoteInfo = Space;
		};
/* End PBXContainerItemProxy section */

/* Begin PBXFileReference section */
		A6484D6B182336BF008041A7 /* CoreMotion.framework */ = {isa = PBXFileReference; lastKnownFileType = wrapper.framework; name = CoreMotion.framework; path = System/Library/Frameworks/CoreMotion.framework; sourceTree = SDKROOT; };
		A6484D6D182346D0008041A7 /* playerLeftShip.png */ = {isa = PBXFileReference; lastKnownFileType = image.png; name = playerLeftShip.png; path = images/playerLeftShip.png; sourceTree = "<group>"; };
		A6484D6E182346D0008041A7 /* playerLeftShip@2x.png */ = {isa = PBXFileReference; lastKnownFileType = image.png; name = "playerLeftShip@2x.png"; path = "images/playerLeftShip@2x.png"; sourceTree = "<group>"; };
		A6484D6F182346D0008041A7 /* playerRightShip.png */ = {isa = PBXFileReference; lastKnownFileType = image.png; name = playerRightShip.png; path = images/playerRightShip.png; sourceTree = "<group>"; };
		A6484D70182346D0008041A7 /* playerRightShip@2x.png */ = {isa = PBXFileReference; lastKnownFileType = image.png; name = "playerRightShip@2x.png"; path = "images/playerRightShip@2x.png"; sourceTree = "<group>"; };
		A6484D7518235810008041A7 /* alienDestroyed2.png */ = {isa = PBXFileReference; lastKnownFileType = image.png; name = alienDestroyed2.png; path = images/alienDestroyed2.png; sourceTree = "<group>"; };
		A6484D7618235810008041A7 /* alienDestroyed2@2x.png */ = {isa = PBXFileReference; lastKnownFileType = image.png; name = "alienDestroyed2@2x.png"; path = "images/alienDestroyed2@2x.png"; sourceTree = "<group>"; };
		A6484D7718235810008041A7 /* alienDestroyed3.png */ = {isa = PBXFileReference; lastKnownFileType = image.png; name = alienDestroyed3.png; path = images/alienDestroyed3.png; sourceTree = "<group>"; };
		A6484D7818235810008041A7 /* alienDestroyed3@2x.png */ = {isa = PBXFileReference; lastKnownFileType = image.png; name = "alienDestroyed3@2x.png"; path = "images/alienDestroyed3@2x.png"; sourceTree = "<group>"; };
		A6484D7918235810008041A7 /* alienDestroyed4.png */ = {isa = PBXFileReference; lastKnownFileType = image.png; name = alienDestroyed4.png; path = images/alienDestroyed4.png; sourceTree = "<group>"; };
		A6484D7A18235810008041A7 /* alienDestroyed4@2x.png */ = {isa = PBXFileReference; lastKnownFileType = image.png; name = "alienDestroyed4@2x.png"; path = "images/alienDestroyed4@2x.png"; sourceTree = "<group>"; };
		A6484D7B18235810008041A7 /* alienDestroyed5.png */ = {isa = PBXFileReference; lastKnownFileType = image.png; name = alienDestroyed5.png; path = images/alienDestroyed5.png; sourceTree = "<group>"; };
		A6484D7C18235810008041A7 /* alienDestroyed5@2x.png */ = {isa = PBXFileReference; lastKnownFileType = image.png; name = "alienDestroyed5@2x.png"; path = "images/alienDestroyed5@2x.png"; sourceTree = "<group>"; };
		A6484D7D18235810008041A7 /* alienDestroyed6.png */ = {isa = PBXFileReference; lastKnownFileType = image.png; name = alienDestroyed6.png; path = images/alienDestroyed6.png; sourceTree = "<group>"; };
		A6484D7E18235810008041A7 /* alienDestroyed6@2x.png */ = {isa = PBXFileReference; lastKnownFileType = image.png; name = "alienDestroyed6@2x.png"; path = "images/alienDestroyed6@2x.png"; sourceTree = "<group>"; };
		A6484D7F18235810008041A7 /* alienDestroyed7.png */ = {isa = PBXFileReference; lastKnownFileType = image.png; name = alienDestroyed7.png; path = images/alienDestroyed7.png; sourceTree = "<group>"; };
		A6484D8018235810008041A7 /* alienDestroyed7@2x.png */ = {isa = PBXFileReference; lastKnownFileType = image.png; name = "alienDestroyed7@2x.png"; path = "images/alienDestroyed7@2x.png"; sourceTree = "<group>"; };
		A6484D8118235810008041A7 /* alienDestroyed8.png */ = {isa = PBXFileReference; lastKnownFileType = image.png; name = alienDestroyed8.png; path = images/alienDestroyed8.png; sourceTree = "<group>"; };
		A6484D8218235811008041A7 /* alienDestroyed8@2x.png */ = {isa = PBXFileReference; lastKnownFileType = image.png; name = "alienDestroyed8@2x.png"; path = "images/alienDestroyed8@2x.png"; sourceTree = "<group>"; };
		A6484D8318235811008041A7 /* alienDestroyed9.png */ = {isa = PBXFileReference; lastKnownFileType = image.png; name = alienDestroyed9.png; path = images/alienDestroyed9.png; sourceTree = "<group>"; };
		A6484D8418235811008041A7 /* alienDestroyed9@2x.png */ = {isa = PBXFileReference; lastKnownFileType = image.png; name = "alienDestroyed9@2x.png"; path = "images/alienDestroyed9@2x.png"; sourceTree = "<group>"; };
		A6484D8518235811008041A7 /* alienDestroyed10.png */ = {isa = PBXFileReference; lastKnownFileType = image.png; name = alienDestroyed10.png; path = images/alienDestroyed10.png; sourceTree = "<group>"; };
		A6484D8618235811008041A7 /* alienDestroyed10@2x.png */ = {isa = PBXFileReference; lastKnownFileType = image.png; name = "alienDestroyed10@2x.png"; path = "images/alienDestroyed10@2x.png"; sourceTree = "<group>"; };
		A6484D8718235811008041A7 /* alienDestroyed11.png */ = {isa = PBXFileReference; lastKnownFileType = image.png; name = alienDestroyed11.png; path = images/alienDestroyed11.png; sourceTree = "<group>"; };
		A6484D8818235811008041A7 /* alienDestroyed11@2x.png */ = {isa = PBXFileReference; lastKnownFileType = image.png; name = "alienDestroyed11@2x.png"; path = "images/alienDestroyed11@2x.png"; sourceTree = "<group>"; };
		A6484D8918235811008041A7 /* alienLaserRoundShot.png */ = {isa = PBXFileReference; lastKnownFileType = image.png; name = alienLaserRoundShot.png; path = images/alienLaserRoundShot.png; sourceTree = "<group>"; };
		A6484D8A18235811008041A7 /* alienLaserRoundShot@2x.png */ = {isa = PBXFileReference; lastKnownFileType = image.png; name = "alienLaserRoundShot@2x.png"; path = "images/alienLaserRoundShot@2x.png"; sourceTree = "<group>"; };
		A6484D8B18235811008041A7 /* alienLaserShot.png */ = {isa = PBXFileReference; lastKnownFileType = image.png; name = alienLaserShot.png; path = images/alienLaserShot.png; sourceTree = "<group>"; };
		A6484D8C18235811008041A7 /* alienLaserShot@2x.png */ = {isa = PBXFileReference; lastKnownFileType = image.png; name = "alienLaserShot@2x.png"; path = "images/alienLaserShot@2x.png"; sourceTree = "<group>"; };
		A6484D8D18235811008041A7 /* boosters.png */ = {isa = PBXFileReference; lastKnownFileType = image.png; name = boosters.png; path = images/boosters.png; sourceTree = "<group>"; };
		A6484D8E18235811008041A7 /* boosters@2x.png */ = {isa = PBXFileReference; lastKnownFileType = image.png; name = "boosters@2x.png"; path = "images/boosters@2x.png"; sourceTree = "<group>"; };
		A6484D8F18235811008041A7 /* item1.png */ = {isa = PBXFileReference; lastKnownFileType = image.png; name = item1.png; path = images/item1.png; sourceTree = "<group>"; };
		A6484D9018235811008041A7 /* item1@2x.png */ = {isa = PBXFileReference; lastKnownFileType = image.png; name = "item1@2x.png"; path = "images/item1@2x.png"; sourceTree = "<group>"; };
		A6484D9118235811008041A7 /* item2.png */ = {isa = PBXFileReference; lastKnownFileType = image.png; name = item2.png; path = images/item2.png; sourceTree = "<group>"; };
		A6484D9218235811008041A7 /* item2@2x.png */ = {isa = PBXFileReference; lastKnownFileType = image.png; name = "item2@2x.png"; path = "images/item2@2x.png"; sourceTree = "<group>"; };
		A6484D9318235811008041A7 /* item3.png */ = {isa = PBXFileReference; lastKnownFileType = image.png; name = item3.png; path = images/item3.png; sourceTree = "<group>"; };
		A6484D9418235811008041A7 /* item3@2x.png */ = {isa = PBXFileReference; lastKnownFileType = image.png; name = "item3@2x.png"; path = "images/item3@2x.png"; sourceTree = "<group>"; };
		A6484D9518235811008041A7 /* item5.png */ = {isa = PBXFileReference; lastKnownFileType = image.png; name = item5.png; path = images/item5.png; sourceTree = "<group>"; };
		A6484D9618235811008041A7 /* item5@2x.png */ = {isa = PBXFileReference; lastKnownFileType = image.png; name = "item5@2x.png"; path = "images/item5@2x.png"; sourceTree = "<group>"; };
		A6484D9718235811008041A7 /* item6.png */ = {isa = PBXFileReference; lastKnownFileType = image.png; name = item6.png; path = images/item6.png; sourceTree = "<group>"; };
		A6484D9818235811008041A7 /* item6@2x.png */ = {isa = PBXFileReference; lastKnownFileType = image.png; name = "item6@2x.png"; path = "images/item6@2x.png"; sourceTree = "<group>"; };
		A6484D9918235811008041A7 /* item7.png */ = {isa = PBXFileReference; lastKnownFileType = image.png; name = item7.png; path = images/item7.png; sourceTree = "<group>"; };
		A6484D9A18235811008041A7 /* item7@2x.png */ = {isa = PBXFileReference; lastKnownFileType = image.png; name = "item7@2x.png"; path = "images/item7@2x.png"; sourceTree = "<group>"; };
		A6484D9B18235811008041A7 /* leftWeaponAddon.png */ = {isa = PBXFileReference; lastKnownFileType = image.png; name = leftWeaponAddon.png; path = images/leftWeaponAddon.png; sourceTree = "<group>"; };
		A6484D9C18235811008041A7 /* leftWeaponAddon@2x.png */ = {isa = PBXFileReference; lastKnownFileType = image.png; name = "leftWeaponAddon@2x.png"; path = "images/leftWeaponAddon@2x.png"; sourceTree = "<group>"; };
		A6484D9D18235811008041A7 /* playerDestroyed1.png */ = {isa = PBXFileReference; lastKnownFileType = image.png; name = playerDestroyed1.png; path = images/playerDestroyed1.png; sourceTree = "<group>"; };
		A6484D9E18235811008041A7 /* playerDestroyed1@2x.png */ = {isa = PBXFileReference; lastKnownFileType = image.png; name = "playerDestroyed1@2x.png"; path = "images/playerDestroyed1@2x.png"; sourceTree = "<group>"; };
		A6484D9F18235811008041A7 /* playerDestroyed2.png */ = {isa = PBXFileReference; lastKnownFileType = image.png; name = playerDestroyed2.png; path = images/playerDestroyed2.png; sourceTree = "<group>"; };
		A6484DA018235811008041A7 /* playerDestroyed2@2x.png */ = {isa = PBXFileReference; lastKnownFileType = image.png; name = "playerDestroyed2@2x.png"; path = "images/playerDestroyed2@2x.png"; sourceTree = "<group>"; };
		A6484DA118235811008041A7 /* playerDestroyed3.png */ = {isa = PBXFileReference; lastKnownFileType = image.png; name = playerDestroyed3.png; path = images/playerDestroyed3.png; sourceTree = "<group>"; };
		A6484DA218235811008041A7 /* playerDestroyed3@2x.png */ = {isa = PBXFileReference; lastKnownFileType = image.png; name = "playerDestroyed3@2x.png"; path = "images/playerDestroyed3@2x.png"; sourceTree = "<group>"; };
		A6484DA318235811008041A7 /* playerDestroyed4.png */ = {isa = PBXFileReference; lastKnownFileType = image.png; name = playerDestroyed4.png; path = images/playerDestroyed4.png; sourceTree = "<group>"; };
		A6484DA418235811008041A7 /* playerDestroyed4@2x.png */ = {isa = PBXFileReference; lastKnownFileType = image.png; name = "playerDestroyed4@2x.png"; path = "images/playerDestroyed4@2x.png"; sourceTree = "<group>"; };
		A6484DA518235811008041A7 /* playerDestroyed5.png */ = {isa = PBXFileReference; lastKnownFileType = image.png; name = playerDestroyed5.png; path = images/playerDestroyed5.png; sourceTree = "<group>"; };
		A6484DA618235811008041A7 /* playerDestroyed5@2x.png */ = {isa = PBXFileReference; lastKnownFileType = image.png; name = "playerDestroyed5@2x.png"; path = "images/playerDestroyed5@2x.png"; sourceTree = "<group>"; };
		A6484DA718235811008041A7 /* playerDestroyed6.png */ = {isa = PBXFileReference; lastKnownFileType = image.png; name = playerDestroyed6.png; path = images/playerDestroyed6.png; sourceTree = "<group>"; };
		A6484DA818235811008041A7 /* playerDestroyed6@2x.png */ = {isa = PBXFileReference; lastKnownFileType = image.png; name = "playerDestroyed6@2x.png"; path = "images/playerDestroyed6@2x.png"; sourceTree = "<group>"; };
		A6484DA918235811008041A7 /* playerDestroyed7.png */ = {isa = PBXFileReference; lastKnownFileType = image.png; name = playerDestroyed7.png; path = images/playerDestroyed7.png; sourceTree = "<group>"; };
		A6484DAA18235811008041A7 /* playerDestroyed7@2x.png */ = {isa = PBXFileReference; lastKnownFileType = image.png; name = "playerDestroyed7@2x.png"; path = "images/playerDestroyed7@2x.png"; sourceTree = "<group>"; };
		A6484DAB18235811008041A7 /* playerDestroyed8.png */ = {isa = PBXFileReference; lastKnownFileType = image.png; name = playerDestroyed8.png; path = images/playerDestroyed8.png; sourceTree = "<group>"; };
		A6484DAC18235811008041A7 /* playerDestroyed8@2x.png */ = {isa = PBXFileReference; lastKnownFileType = image.png; name = "playerDestroyed8@2x.png"; path = "images/playerDestroyed8@2x.png"; sourceTree = "<group>"; };
		A6484DAD18235811008041A7 /* playerDestroyed9.png */ = {isa = PBXFileReference; lastKnownFileType = image.png; name = playerDestroyed9.png; path = images/playerDestroyed9.png; sourceTree = "<group>"; };
		A6484DAE18235811008041A7 /* playerDestroyed9@2x.png */ = {isa = PBXFileReference; lastKnownFileType = image.png; name = "playerDestroyed9@2x.png"; path = "images/playerDestroyed9@2x.png"; sourceTree = "<group>"; };
		A6484DAF18235811008041A7 /* playerDestroyed10 @2xpng.png */ = {isa = PBXFileReference; lastKnownFileType = image.png; name = "playerDestroyed10 @2xpng.png"; path = "images/playerDestroyed10 @2xpng.png"; sourceTree = "<group>"; };
		A6484DB018235811008041A7 /* playerDestroyed10.png */ = {isa = PBXFileReference; lastKnownFileType = image.png; name = playerDestroyed10.png; path = images/playerDestroyed10.png; sourceTree = "<group>"; };
		A6484DB118235811008041A7 /* playerDestroyed11.png */ = {isa = PBXFileReference; lastKnownFileType = image.png; name = playerDestroyed11.png; path = images/playerDestroyed11.png; sourceTree = "<group>"; };
		A6484DB218235811008041A7 /* playerDestroyed11@2x.png */ = {isa = PBXFileReference; lastKnownFileType = image.png; name = "playerDestroyed11@2x.png"; path = "images/playerDestroyed11@2x.png"; sourceTree = "<group>"; };
		A6484DB318235811008041A7 /* rightWeaponAddon.png */ = {isa = PBXFileReference; lastKnownFileType = image.png; name = rightWeaponAddon.png; path = images/rightWeaponAddon.png; sourceTree = "<group>"; };
		A6484DB418235811008041A7 /* rightWeaponAddon@2x.png */ = {isa = PBXFileReference; lastKnownFileType = image.png; name = "rightWeaponAddon@2x.png"; path = "images/rightWeaponAddon@2x.png"; sourceTree = "<group>"; };
		A66DB8201821D9E10083DEF3 /* greenBomberAlien.png */ = {isa = PBXFileReference; lastKnownFileType = image.png; name = greenBomberAlien.png; path = images/greenBomberAlien.png; sourceTree = "<group>"; };
		A66DB8211821D9E10083DEF3 /* greenBomberAlien@2x.png */ = {isa = PBXFileReference; lastKnownFileType = image.png; name = "greenBomberAlien@2x.png"; path = "images/greenBomberAlien@2x.png"; sourceTree = "<group>"; };
		A66DB8221821D9E10083DEF3 /* greenBomberLeftAlien.png */ = {isa = PBXFileReference; lastKnownFileType = image.png; name = greenBomberLeftAlien.png; path = images/greenBomberLeftAlien.png; sourceTree = "<group>"; };
		A66DB8231821D9E10083DEF3 /* greenBomberLeftAlien@2x.png */ = {isa = PBXFileReference; lastKnownFileType = image.png; name = "greenBomberLeftAlien@2x.png"; path = "images/greenBomberLeftAlien@2x.png"; sourceTree = "<group>"; };
		A66DB8241821D9E10083DEF3 /* greenBomberRightAlien.png */ = {isa = PBXFileReference; lastKnownFileType = image.png; name = greenBomberRightAlien.png; path = images/greenBomberRightAlien.png; sourceTree = "<group>"; };
		A66DB8251821D9E10083DEF3 /* greenBomberRightAlien@2x.png */ = {isa = PBXFileReference; lastKnownFileType = image.png; name = "greenBomberRightAlien@2x.png"; path = "images/greenBomberRightAlien@2x.png"; sourceTree = "<group>"; };
		A66DB8261821D9E10083DEF3 /* greenFighterAlien.png */ = {isa = PBXFileReference; lastKnownFileType = image.png; name = greenFighterAlien.png; path = images/greenFighterAlien.png; sourceTree = "<group>"; };
		A66DB8271821D9E10083DEF3 /* greenFighterAlien@2x.png */ = {isa = PBXFileReference; lastKnownFileType = image.png; name = "greenFighterAlien@2x.png"; path = "images/greenFighterAlien@2x.png"; sourceTree = "<group>"; };
		A66DB8281821D9E10083DEF3 /* greenFighterLeftAlien.png */ = {isa = PBXFileReference; lastKnownFileType = image.png; name = greenFighterLeftAlien.png; path = images/greenFighterLeftAlien.png; sourceTree = "<group>"; };
		A66DB8291821D9E10083DEF3 /* greenFighterLeftAlien@2x.png */ = {isa = PBXFileReference; lastKnownFileType = image.png; name = "greenFighterLeftAlien@2x.png"; path = "images/greenFighterLeftAlien@2x.png"; sourceTree = "<group>"; };
		A66DB82A1821D9E10083DEF3 /* greenFighterRightAlien.png */ = {isa = PBXFileReference; lastKnownFileType = image.png; name = greenFighterRightAlien.png; path = images/greenFighterRightAlien.png; sourceTree = "<group>"; };
		A66DB82B1821D9E10083DEF3 /* greenFighterRightAlien@2x.png */ = {isa = PBXFileReference; lastKnownFileType = image.png; name = "greenFighterRightAlien@2x.png"; path = "images/greenFighterRightAlien@2x.png"; sourceTree = "<group>"; };
		A66DB82C1821D9E10083DEF3 /* orangeJuggernautAlien.png */ = {isa = PBXFileReference; lastKnownFileType = image.png; name = orangeJuggernautAlien.png; path = images/orangeJuggernautAlien.png; sourceTree = "<group>"; };
		A66DB82D1821D9E10083DEF3 /* orangeJuggernautAlien@2x.png */ = {isa = PBXFileReference; lastKnownFileType = image.png; name = "orangeJuggernautAlien@2x.png"; path = "images/orangeJuggernautAlien@2x.png"; sourceTree = "<group>"; };
		A66DB82E1821D9E10083DEF3 /* orangeJuggernautLeftAlien.png */ = {isa = PBXFileReference; lastKnownFileType = image.png; name = orangeJuggernautLeftAlien.png; path = images/orangeJuggernautLeftAlien.png; sourceTree = "<group>"; };
		A66DB82F1821D9E10083DEF3 /* orangeJuggernautLeftAlien@2x.png */ = {isa = PBXFileReference; lastKnownFileType = image.png; name = "orangeJuggernautLeftAlien@2x.png"; path = "images/orangeJuggernautLeftAlien@2x.png"; sourceTree = "<group>"; };
		A66DB8301821D9E10083DEF3 /* orangeJuggernautRightAlien.png */ = {isa = PBXFileReference; lastKnownFileType = image.png; name = orangeJuggernautRightAlien.png; path = images/orangeJuggernautRightAlien.png; sourceTree = "<group>"; };
		A66DB8311821D9E10083DEF3 /* orangeJuggernautRightAlien@2x.png */ = {isa = PBXFileReference; lastKnownFileType = image.png; name = "orangeJuggernautRightAlien@2x.png"; path = "images/orangeJuggernautRightAlien@2x.png"; sourceTree = "<group>"; };
		A66DB8321821D9E10083DEF3 /* redBomberAlien.png */ = {isa = PBXFileReference; lastKnownFileType = image.png; name = redBomberAlien.png; path = images/redBomberAlien.png; sourceTree = "<group>"; };
		A66DB8331821D9E10083DEF3 /* redBomberAlien@2x.png */ = {isa = PBXFileReference; lastKnownFileType = image.png; name = "redBomberAlien@2x.png"; path = "images/redBomberAlien@2x.png"; sourceTree = "<group>"; };
		A66DB8341821D9E10083DEF3 /* redBomberLeftAlien.png */ = {isa = PBXFileReference; lastKnownFileType = image.png; name = redBomberLeftAlien.png; path = images/redBomberLeftAlien.png; sourceTree = "<group>"; };
		A66DB8351821D9E10083DEF3 /* redBomberLeftAlien@2x.png */ = {isa = PBXFileReference; lastKnownFileType = image.png; name = "redBomberLeftAlien@2x.png"; path = "images/redBomberLeftAlien@2x.png"; sourceTree = "<group>"; };
		A66DB8361821D9E10083DEF3 /* redBomberRightAlien.png */ = {isa = PBXFileReference; lastKnownFileType = image.png; name = redBomberRightAlien.png; path = images/redBomberRightAlien.png; sourceTree = "<group>"; };
		A66DB8371821D9E10083DEF3 /* redBomberRightAlien@2x.png */ = {isa = PBXFileReference; lastKnownFileType = image.png; name = "redBomberRightAlien@2x.png"; path = "images/redBomberRightAlien@2x.png"; sourceTree = "<group>"; };
		A66DB8381821D9E10083DEF3 /* redFighterAlien.png */ = {isa = PBXFileReference; lastKnownFileType = image.png; name = redFighterAlien.png; path = images/redFighterAlien.png; sourceTree = "<group>"; };
		A66DB8391821D9E10083DEF3 /* redFighterAlien@2x.png */ = {isa = PBXFileReference; lastKnownFileType = image.png; name = "redFighterAlien@2x.png"; path = "images/redFighterAlien@2x.png"; sourceTree = "<group>"; };
		A66DB83A1821D9E10083DEF3 /* redFighterLeftAlien.png */ = {isa = PBXFileReference; lastKnownFileType = image.png; name = redFighterLeftAlien.png; path = images/redFighterLeftAlien.png; sourceTree = "<group>"; };
		A66DB83B1821D9E10083DEF3 /* redFighterLeftAlien@2x.png */ = {isa = PBXFileReference; lastKnownFileType = image.png; name = "redFighterLeftAlien@2x.png"; path = "images/redFighterLeftAlien@2x.png"; sourceTree = "<group>"; };
		A66DB83C1821D9E10083DEF3 /* redFighterRightAlien.png */ = {isa = PBXFileReference; lastKnownFileType = image.png; name = redFighterRightAlien.png; path = images/redFighterRightAlien.png; sourceTree = "<group>"; };
		A66DB83D1821D9E10083DEF3 /* redFighterRightAlien@2x.png */ = {isa = PBXFileReference; lastKnownFileType = image.png; name = "redFighterRightAlien@2x.png"; path = "images/redFighterRightAlien@2x.png"; sourceTree = "<group>"; };
		A66DB83E1821D9E10083DEF3 /* violetInterceptorAlien.png */ = {isa = PBXFileReference; lastKnownFileType = image.png; name = violetInterceptorAlien.png; path = images/violetInterceptorAlien.png; sourceTree = "<group>"; };
		A66DB83F1821D9E10083DEF3 /* violetInterceptorAlien@2x.png */ = {isa = PBXFileReference; lastKnownFileType = image.png; name = "violetInterceptorAlien@2x.png"; path = "images/violetInterceptorAlien@2x.png"; sourceTree = "<group>"; };
		A66DB8401821D9E10083DEF3 /* violetInterceptorLeftAlien.png */ = {isa = PBXFileReference; lastKnownFileType = image.png; name = violetInterceptorLeftAlien.png; path = images/violetInterceptorLeftAlien.png; sourceTree = "<group>"; };
		A66DB8411821D9E10083DEF3 /* violetInterceptorLeftAlien@2x.png */ = {isa = PBXFileReference; lastKnownFileType = image.png; name = "violetInterceptorLeftAlien@2x.png"; path = "images/violetInterceptorLeftAlien@2x.png"; sourceTree = "<group>"; };
		A66DB8421821D9E10083DEF3 /* violetInterceptorRightAlien.png */ = {isa = PBXFileReference; lastKnownFileType = image.png; name = violetInterceptorRightAlien.png; path = images/violetInterceptorRightAlien.png; sourceTree = "<group>"; };
		A66DB8431821D9E10083DEF3 /* violetInterceptorRightAlien@2x.png */ = {isa = PBXFileReference; lastKnownFileType = image.png; name = "violetInterceptorRightAlien@2x.png"; path = "images/violetInterceptorRightAlien@2x.png"; sourceTree = "<group>"; };
		A66DB8441821D9E10083DEF3 /* yellowInterceptorAlien.png */ = {isa = PBXFileReference; lastKnownFileType = image.png; name = yellowInterceptorAlien.png; path = images/yellowInterceptorAlien.png; sourceTree = "<group>"; };
		A66DB8451821D9E10083DEF3 /* yellowInterceptorAlien@2x.png */ = {isa = PBXFileReference; lastKnownFileType = image.png; name = "yellowInterceptorAlien@2x.png"; path = "images/yellowInterceptorAlien@2x.png"; sourceTree = "<group>"; };
		A66DB8461821D9E10083DEF3 /* yellowInterceptorLeftAlien.png */ = {isa = PBXFileReference; lastKnownFileType = image.png; name = yellowInterceptorLeftAlien.png; path = images/yellowInterceptorLeftAlien.png; sourceTree = "<group>"; };
		A66DB8471821D9E10083DEF3 /* yellowInterceptorLeftAlien@2x.png */ = {isa = PBXFileReference; lastKnownFileType = image.png; name = "yellowInterceptorLeftAlien@2x.png"; path = "images/yellowInterceptorLeftAlien@2x.png"; sourceTree = "<group>"; };
		A66DB8481821D9E10083DEF3 /* yellowInterceptorRightAlien.png */ = {isa = PBXFileReference; lastKnownFileType = image.png; name = yellowInterceptorRightAlien.png; path = images/yellowInterceptorRightAlien.png; sourceTree = "<group>"; };
		A66DB8491821D9E10083DEF3 /* yellowInterceptorRightAlien@2x.png */ = {isa = PBXFileReference; lastKnownFileType = image.png; name = "yellowInterceptorRightAlien@2x.png"; path = "images/yellowInterceptorRightAlien@2x.png"; sourceTree = "<group>"; };
		A66DB84A1821D9E10083DEF3 /* yellowJuggernautAlien.png */ = {isa = PBXFileReference; lastKnownFileType = image.png; name = yellowJuggernautAlien.png; path = images/yellowJuggernautAlien.png; sourceTree = "<group>"; };
		A66DB84B1821D9E10083DEF3 /* yellowJuggernautAlien@2x.png */ = {isa = PBXFileReference; lastKnownFileType = image.png; name = "yellowJuggernautAlien@2x.png"; path = "images/yellowJuggernautAlien@2x.png"; sourceTree = "<group>"; };
		A66DB84C1821D9E10083DEF3 /* yellowJuggernautLeftAlien.png */ = {isa = PBXFileReference; lastKnownFileType = image.png; name = yellowJuggernautLeftAlien.png; path = images/yellowJuggernautLeftAlien.png; sourceTree = "<group>"; };
		A66DB84D1821D9E10083DEF3 /* yellowJuggernautLeftAlien@2x.png */ = {isa = PBXFileReference; lastKnownFileType = image.png; name = "yellowJuggernautLeftAlien@2x.png"; path = "images/yellowJuggernautLeftAlien@2x.png"; sourceTree = "<group>"; };
		A66DB84E1821D9E10083DEF3 /* yellowJuggernautRightAlien.png */ = {isa = PBXFileReference; lastKnownFileType = image.png; name = yellowJuggernautRightAlien.png; path = images/yellowJuggernautRightAlien.png; sourceTree = "<group>"; };
		A66DB84F1821D9E10083DEF3 /* yellowJuggernautRightAlien@2x.png */ = {isa = PBXFileReference; lastKnownFileType = image.png; name = "yellowJuggernautRightAlien@2x.png"; path = "images/yellowJuggernautRightAlien@2x.png"; sourceTree = "<group>"; };
		A66DB8801821DAB20083DEF3 /* Alien.h */ = {isa = PBXFileReference; fileEncoding = 4; lastKnownFileType = sourcecode.c.h; name = Alien.h; path = DomainObjects/Alien.h; sourceTree = "<group>"; };
		A66DB8811821DAB20083DEF3 /* Alien.m */ = {isa = PBXFileReference; fileEncoding = 4; lastKnownFileType = sourcecode.c.objc; name = Alien.m; path = DomainObjects/Alien.m; sourceTree = "<group>"; };
		A66DB8831821DAF00083DEF3 /* AlienService.h */ = {isa = PBXFileReference; fileEncoding = 4; lastKnownFileType = sourcecode.c.h; name = AlienService.h; path = Services/AlienService.h; sourceTree = "<group>"; };
		A66DB8841821DAF00083DEF3 /* AlienService.m */ = {isa = PBXFileReference; fileEncoding = 4; lastKnownFileType = sourcecode.c.objc; name = AlienService.m; path = Services/AlienService.m; sourceTree = "<group>"; };
		A66DB8861821DDCE0083DEF3 /* GameLogicService.h */ = {isa = PBXFileReference; fileEncoding = 4; lastKnownFileType = sourcecode.c.h; name = GameLogicService.h; path = Services/GameLogicService.h; sourceTree = "<group>"; };
		A66DB8871821DDCE0083DEF3 /* GameLogicService.m */ = {isa = PBXFileReference; fileEncoding = 4; lastKnownFileType = sourcecode.c.objc; name = GameLogicService.m; path = Services/GameLogicService.m; sourceTree = "<group>"; };
		A66DB88A1821DF1C0083DEF3 /* SPConstants.h */ = {isa = PBXFileReference; fileEncoding = 4; lastKnownFileType = sourcecode.c.h; name = SPConstants.h; path = Utility/SPConstants.h; sourceTree = "<group>"; };
		A66DB88B1821DF1C0083DEF3 /* SPConstants.m */ = {isa = PBXFileReference; fileEncoding = 4; lastKnownFileType = sourcecode.c.objc; name = SPConstants.m; path = Utility/SPConstants.m; sourceTree = "<group>"; };
		A66DB88D1821F7970083DEF3 /* SPEnums.h */ = {isa = PBXFileReference; fileEncoding = 4; lastKnownFileType = sourcecode.c.h; name = SPEnums.h; path = Utility/SPEnums.h; sourceTree = "<group>"; };
		A66DB88E1821F7970083DEF3 /* SPEnums.m */ = {isa = PBXFileReference; fileEncoding = 4; lastKnownFileType = sourcecode.c.objc; name = SPEnums.m; path = Utility/SPEnums.m; sourceTree = "<group>"; };
		A6AFF3C2181F7BF5004CD462 /* Space.app */ = {isa = PBXFileReference; explicitFileType = wrapper.application; includeInIndex = 0; path = Space.app; sourceTree = BUILT_PRODUCTS_DIR; };
		A6AFF3C5181F7BF5004CD462 /* Foundation.framework */ = {isa = PBXFileReference; lastKnownFileType = wrapper.framework; name = Foundation.framework; path = System/Library/Frameworks/Foundation.framework; sourceTree = SDKROOT; };
		A6AFF3C7181F7BF5004CD462 /* CoreGraphics.framework */ = {isa = PBXFileReference; lastKnownFileType = wrapper.framework; name = CoreGraphics.framework; path = System/Library/Frameworks/CoreGraphics.framework; sourceTree = SDKROOT; };
		A6AFF3C9181F7BF5004CD462 /* UIKit.framework */ = {isa = PBXFileReference; lastKnownFileType = wrapper.framework; name = UIKit.framework; path = System/Library/Frameworks/UIKit.framework; sourceTree = SDKROOT; };
		A6AFF3CB181F7BF5004CD462 /* SpriteKit.framework */ = {isa = PBXFileReference; lastKnownFileType = wrapper.framework; name = SpriteKit.framework; path = System/Library/Frameworks/SpriteKit.framework; sourceTree = SDKROOT; };
		A6AFF3CF181F7BF5004CD462 /* Space-Info.plist */ = {isa = PBXFileReference; lastKnownFileType = text.plist.xml; path = "Space-Info.plist"; sourceTree = "<group>"; };
		A6AFF3D1181F7BF5004CD462 /* en */ = {isa = PBXFileReference; lastKnownFileType = text.plist.strings; name = en; path = en.lproj/InfoPlist.strings; sourceTree = "<group>"; };
		A6AFF3D3181F7BF5004CD462 /* main.m */ = {isa = PBXFileReference; lastKnownFileType = sourcecode.c.objc; path = main.m; sourceTree = "<group>"; };
		A6AFF3D5181F7BF5004CD462 /* Space-Prefix.pch */ = {isa = PBXFileReference; lastKnownFileType = sourcecode.c.h; path = "Space-Prefix.pch"; sourceTree = "<group>"; };
		A6AFF3D6181F7BF5004CD462 /* AppDelegate.h */ = {isa = PBXFileReference; lastKnownFileType = sourcecode.c.h; path = AppDelegate.h; sourceTree = "<group>"; };
		A6AFF3D7181F7BF5004CD462 /* AppDelegate.m */ = {isa = PBXFileReference; lastKnownFileType = sourcecode.c.objc; path = AppDelegate.m; sourceTree = "<group>"; };
		A6AFF3DA181F7BF5004CD462 /* Base */ = {isa = PBXFileReference; lastKnownFileType = file.storyboard; name = Base; path = Base.lproj/Main.storyboard; sourceTree = "<group>"; };
		A6AFF3DC181F7BF5004CD462 /* GameViewController.h */ = {isa = PBXFileReference; lastKnownFileType = sourcecode.c.h; path = GameViewController.h; sourceTree = "<group>"; };
		A6AFF3DD181F7BF5004CD462 /* GameViewController.m */ = {isa = PBXFileReference; lastKnownFileType = sourcecode.c.objc; path = GameViewController.m; sourceTree = "<group>"; };
		A6AFF3DF181F7BF5004CD462 /* MyScene.h */ = {isa = PBXFileReference; lastKnownFileType = sourcecode.c.h; path = MyScene.h; sourceTree = "<group>"; };
		A6AFF3E0181F7BF5004CD462 /* MyScene.m */ = {isa = PBXFileReference; lastKnownFileType = sourcecode.c.objc; path = MyScene.m; sourceTree = "<group>"; };
		A6AFF3E4181F7BF5004CD462 /* Images.xcassets */ = {isa = PBXFileReference; lastKnownFileType = folder.assetcatalog; path = Images.xcassets; sourceTree = "<group>"; };
		A6AFF3EA181F7BF5004CD462 /* SpaceTests.xctest */ = {isa = PBXFileReference; explicitFileType = wrapper.cfbundle; includeInIndex = 0; path = SpaceTests.xctest; sourceTree = BUILT_PRODUCTS_DIR; };
		A6AFF3EB181F7BF5004CD462 /* XCTest.framework */ = {isa = PBXFileReference; lastKnownFileType = wrapper.framework; name = XCTest.framework; path = Library/Frameworks/XCTest.framework; sourceTree = DEVELOPER_DIR; };
		A6AFF3F3181F7BF5004CD462 /* SpaceTests-Info.plist */ = {isa = PBXFileReference; lastKnownFileType = text.plist.xml; path = "SpaceTests-Info.plist"; sourceTree = "<group>"; };
		A6AFF3F5181F7BF5004CD462 /* en */ = {isa = PBXFileReference; lastKnownFileType = text.plist.strings; name = en; path = en.lproj/InfoPlist.strings; sourceTree = "<group>"; };
		A6AFF3F7181F7BF5004CD462 /* SpaceTests.m */ = {isa = PBXFileReference; lastKnownFileType = sourcecode.c.objc; path = SpaceTests.m; sourceTree = "<group>"; };
		A6AFF406181F81AC004CD462 /* playerShip.png */ = {isa = PBXFileReference; lastKnownFileType = image.png; name = playerShip.png; path = images/playerShip.png; sourceTree = "<group>"; };
		A6AFF407181F81AC004CD462 /* playerShip@2x.png */ = {isa = PBXFileReference; lastKnownFileType = image.png; name = "playerShip@2x.png"; path = "images/playerShip@2x.png"; sourceTree = "<group>"; };
		A6E113741820D43300847F33 /* playerShot.png */ = {isa = PBXFileReference; lastKnownFileType = image.png; name = playerShot.png; path = images/playerShot.png; sourceTree = "<group>"; };
		A6E113751820D43300847F33 /* playerShot@2x.png */ = {isa = PBXFileReference; lastKnownFileType = image.png; name = "playerShot@2x.png"; path = "images/playerShot@2x.png"; sourceTree = "<group>"; };
		A6E1137B1820D4BE00847F33 /* ServiceBase.h */ = {isa = PBXFileReference; fileEncoding = 4; lastKnownFileType = sourcecode.c.h; name = ServiceBase.h; path = Services/ServiceBase.h; sourceTree = "<group>"; };
		A6E1137C1820D4BE00847F33 /* ServiceBase.m */ = {isa = PBXFileReference; fileEncoding = 4; lastKnownFileType = sourcecode.c.objc; name = ServiceBase.m; path = Services/ServiceBase.m; sourceTree = "<group>"; };
		A6E1137E1820D51700847F33 /* LaserService.h */ = {isa = PBXFileReference; fileEncoding = 4; lastKnownFileType = sourcecode.c.h; name = LaserService.h; path = Services/LaserService.h; sourceTree = "<group>"; };
		A6E1137F1820D51700847F33 /* LaserService.m */ = {isa = PBXFileReference; fileEncoding = 4; lastKnownFileType = sourcecode.c.objc; name = LaserService.m; path = Services/LaserService.m; sourceTree = "<group>"; };
		A6E113821820D61000847F33 /* DomainObjectBase.h */ = {isa = PBXFileReference; fileEncoding = 4; lastKnownFileType = sourcecode.c.h; name = DomainObjectBase.h; path = DomainObjects/DomainObjectBase.h; sourceTree = "<group>"; };
		A6E113831820D61000847F33 /* DomainObjectBase.m */ = {isa = PBXFileReference; fileEncoding = 4; lastKnownFileType = sourcecode.c.objc; name = DomainObjectBase.m; path = DomainObjects/DomainObjectBase.m; sourceTree = "<group>"; };
		A6E113851820D62600847F33 /* Laser.h */ = {isa = PBXFileReference; fileEncoding = 4; lastKnownFileType = sourcecode.c.h; name = Laser.h; path = DomainObjects/Laser.h; sourceTree = "<group>"; };
		A6E113861820D62600847F33 /* Laser.m */ = {isa = PBXFileReference; fileEncoding = 4; lastKnownFileType = sourcecode.c.objc; name = Laser.m; path = DomainObjects/Laser.m; sourceTree = "<group>"; };
		A6E113881820D72500847F33 /* Player.h */ = {isa = PBXFileReference; fileEncoding = 4; lastKnownFileType = sourcecode.c.h; name = Player.h; path = DomainObjects/Player.h; sourceTree = "<group>"; };
		A6E113891820D72500847F33 /* Player.m */ = {isa = PBXFileReference; fileEncoding = 4; lastKnownFileType = sourcecode.c.objc; name = Player.m; path = DomainObjects/Player.m; sourceTree = "<group>"; };
		A6E1138B1820D97600847F33 /* PlayerService.h */ = {isa = PBXFileReference; fileEncoding = 4; lastKnownFileType = sourcecode.c.h; name = PlayerService.h; path = Services/PlayerService.h; sourceTree = "<group>"; };
		A6E1138C1820D97600847F33 /* PlayerService.m */ = {isa = PBXFileReference; fileEncoding = 4; lastKnownFileType = sourcecode.c.objc; name = PlayerService.m; path = Services/PlayerService.m; sourceTree = "<group>"; };
		A6E1138E1820E2FC00847F33 /* BackgroundService.h */ = {isa = PBXFileReference; fileEncoding = 4; lastKnownFileType = sourcecode.c.h; name = BackgroundService.h; path = Services/BackgroundService.h; sourceTree = "<group>"; };
		A6E1138F1820E2FC00847F33 /* BackgroundService.m */ = {isa = PBXFileReference; fileEncoding = 4; lastKnownFileType = sourcecode.c.objc; name = BackgroundService.m; path = Services/BackgroundService.m; sourceTree = "<group>"; };
		A6E113911820E31E00847F33 /* Background.h */ = {isa = PBXFileReference; fileEncoding = 4; lastKnownFileType = sourcecode.c.h; name = Background.h; path = DomainObjects/Background.h; sourceTree = "<group>"; };
		A6E113921820E31E00847F33 /* Background.m */ = {isa = PBXFileReference; fileEncoding = 4; lastKnownFileType = sourcecode.c.objc; name = Background.m; path = DomainObjects/Background.m; sourceTree = "<group>"; };
		A6E1139B1820E6FC00847F33 /* UIScreen+ScreenSize.h */ = {isa = PBXFileReference; fileEncoding = 4; lastKnownFileType = sourcecode.c.h; name = "UIScreen+ScreenSize.h"; path = "Categories/UIScreen+ScreenSize.h"; sourceTree = "<group>"; };
		A6E1139C1820E6FC00847F33 /* UIScreen+ScreenSize.m */ = {isa = PBXFileReference; fileEncoding = 4; lastKnownFileType = sourcecode.c.objc; name = "UIScreen+ScreenSize.m"; path = "Categories/UIScreen+ScreenSize.m"; sourceTree = "<group>"; };
		A6E1139E1820E96C00847F33 /* spaceBackground.jpg */ = {isa = PBXFileReference; lastKnownFileType = image.jpeg; name = spaceBackground.jpg; path = images/spaceBackground.jpg; sourceTree = "<group>"; };
		A6E1139F1820E96C00847F33 /* spaceBackground@2x.jpg */ = {isa = PBXFileReference; lastKnownFileType = image.jpeg; name = "spaceBackground@2x.jpg"; path = "images/spaceBackground@2x.jpg"; sourceTree = "<group>"; };
/* End PBXFileReference section */

/* Begin PBXFrameworksBuildPhase section */
		A6AFF3BF181F7BF5004CD462 /* Frameworks */ = {
			isa = PBXFrameworksBuildPhase;
			buildActionMask = 2147483647;
			files = (
				A6484D6C182336BF008041A7 /* CoreMotion.framework in Frameworks */,
				A6AFF3C8181F7BF5004CD462 /* CoreGraphics.framework in Frameworks */,
				A6AFF3CA181F7BF5004CD462 /* UIKit.framework in Frameworks */,
				A6AFF3CC181F7BF5004CD462 /* SpriteKit.framework in Frameworks */,
				A6AFF3C6181F7BF5004CD462 /* Foundation.framework in Frameworks */,
			);
			runOnlyForDeploymentPostprocessing = 0;
		};
		A6AFF3E7181F7BF5004CD462 /* Frameworks */ = {
			isa = PBXFrameworksBuildPhase;
			buildActionMask = 2147483647;
			files = (
				A6AFF3EC181F7BF5004CD462 /* XCTest.framework in Frameworks */,
				A6AFF3EE181F7BF5004CD462 /* UIKit.framework in Frameworks */,
				A6AFF3ED181F7BF5004CD462 /* Foundation.framework in Frameworks */,
			);
			runOnlyForDeploymentPostprocessing = 0;
		};
/* End PBXFrameworksBuildPhase section */

/* Begin PBXGroup section */
		A66DB8891821DEC00083DEF3 /* Utility */ = {
			isa = PBXGroup;
			children = (
				A66DB88A1821DF1C0083DEF3 /* SPConstants.h */,
				A66DB88B1821DF1C0083DEF3 /* SPConstants.m */,
				A66DB88D1821F7970083DEF3 /* SPEnums.h */,
				A66DB88E1821F7970083DEF3 /* SPEnums.m */,
			);
			name = Utility;
			sourceTree = "<group>";
		};
		A6AFF3B9181F7BF5004CD462 = {
			isa = PBXGroup;
			children = (
				A6AFF3CD181F7BF5004CD462 /* Space */,
				A6AFF3F1181F7BF5004CD462 /* SpaceTests */,
				A6AFF3C4181F7BF5004CD462 /* Frameworks */,
				A6AFF3C3181F7BF5004CD462 /* Products */,
			);
			sourceTree = "<group>";
		};
		A6AFF3C3181F7BF5004CD462 /* Products */ = {
			isa = PBXGroup;
			children = (
				A6AFF3C2181F7BF5004CD462 /* Space.app */,
				A6AFF3EA181F7BF5004CD462 /* SpaceTests.xctest */,
			);
			name = Products;
			sourceTree = "<group>";
		};
		A6AFF3C4181F7BF5004CD462 /* Frameworks */ = {
			isa = PBXGroup;
			children = (
				A6484D6B182336BF008041A7 /* CoreMotion.framework */,
				A6AFF3C5181F7BF5004CD462 /* Foundation.framework */,
				A6AFF3C7181F7BF5004CD462 /* CoreGraphics.framework */,
				A6AFF3C9181F7BF5004CD462 /* UIKit.framework */,
				A6AFF3CB181F7BF5004CD462 /* SpriteKit.framework */,
				A6AFF3EB181F7BF5004CD462 /* XCTest.framework */,
			);
			name = Frameworks;
			sourceTree = "<group>";
		};
		A6AFF3CD181F7BF5004CD462 /* Space */ = {
			isa = PBXGroup;
			children = (
				A66DB8891821DEC00083DEF3 /* Utility */,
				A6E113941820E69B00847F33 /* Categories */,
				A6E113811820D5DD00847F33 /* DomainObjects */,
				A6E1137A1820D4A400847F33 /* Services */,
				A6AFF403181F8049004CD462 /* Images */,
				A6AFF3D6181F7BF5004CD462 /* AppDelegate.h */,
				A6AFF3D7181F7BF5004CD462 /* AppDelegate.m */,
				A6AFF3D9181F7BF5004CD462 /* Main.storyboard */,
				A6AFF3DC181F7BF5004CD462 /* GameViewController.h */,
				A6AFF3DD181F7BF5004CD462 /* GameViewController.m */,
				A6AFF3DF181F7BF5004CD462 /* MyScene.h */,
				A6AFF3E0181F7BF5004CD462 /* MyScene.m */,
				A6AFF3E4181F7BF5004CD462 /* Images.xcassets */,
				A6AFF3CE181F7BF5004CD462 /* Supporting Files */,
			);
			path = Space;
			sourceTree = "<group>";
		};
		A6AFF3CE181F7BF5004CD462 /* Supporting Files */ = {
			isa = PBXGroup;
			children = (
				A6AFF3CF181F7BF5004CD462 /* Space-Info.plist */,
				A6AFF3D0181F7BF5004CD462 /* InfoPlist.strings */,
				A6AFF3D3181F7BF5004CD462 /* main.m */,
				A6AFF3D5181F7BF5004CD462 /* Space-Prefix.pch */,
			);
			name = "Supporting Files";
			sourceTree = "<group>";
		};
		A6AFF3F1181F7BF5004CD462 /* SpaceTests */ = {
			isa = PBXGroup;
			children = (
				A6AFF3F7181F7BF5004CD462 /* SpaceTests.m */,
				A6AFF3F2181F7BF5004CD462 /* Supporting Files */,
			);
			path = SpaceTests;
			sourceTree = "<group>";
		};
		A6AFF3F2181F7BF5004CD462 /* Supporting Files */ = {
			isa = PBXGroup;
			children = (
				A6AFF3F3181F7BF5004CD462 /* SpaceTests-Info.plist */,
				A6AFF3F4181F7BF5004CD462 /* InfoPlist.strings */,
			);
			name = "Supporting Files";
			sourceTree = "<group>";
		};
		A6AFF403181F8049004CD462 /* Images */ = {
			isa = PBXGroup;
			children = (
				A6484D7518235810008041A7 /* alienDestroyed2.png */,
				A6484D7618235810008041A7 /* alienDestroyed2@2x.png */,
				A6484D7718235810008041A7 /* alienDestroyed3.png */,
				A6484D7818235810008041A7 /* alienDestroyed3@2x.png */,
				A6484D7918235810008041A7 /* alienDestroyed4.png */,
				A6484D7A18235810008041A7 /* alienDestroyed4@2x.png */,
				A6484D7B18235810008041A7 /* alienDestroyed5.png */,
				A6484D7C18235810008041A7 /* alienDestroyed5@2x.png */,
				A6484D7D18235810008041A7 /* alienDestroyed6.png */,
				A6484D7E18235810008041A7 /* alienDestroyed6@2x.png */,
				A6484D7F18235810008041A7 /* alienDestroyed7.png */,
				A6484D8018235810008041A7 /* alienDestroyed7@2x.png */,
				A6484D8118235810008041A7 /* alienDestroyed8.png */,
				A6484D8218235811008041A7 /* alienDestroyed8@2x.png */,
				A6484D8318235811008041A7 /* alienDestroyed9.png */,
				A6484D8418235811008041A7 /* alienDestroyed9@2x.png */,
				A6484D8518235811008041A7 /* alienDestroyed10.png */,
				A6484D8618235811008041A7 /* alienDestroyed10@2x.png */,
				A6484D8718235811008041A7 /* alienDestroyed11.png */,
				A6484D8818235811008041A7 /* alienDestroyed11@2x.png */,
				A6484D8918235811008041A7 /* alienLaserRoundShot.png */,
				A6484D8A18235811008041A7 /* alienLaserRoundShot@2x.png */,
				A6484D8B18235811008041A7 /* alienLaserShot.png */,
				A6484D8C18235811008041A7 /* alienLaserShot@2x.png */,
				A6484D8D18235811008041A7 /* boosters.png */,
				A6484D8E18235811008041A7 /* boosters@2x.png */,
				A6484D8F18235811008041A7 /* item1.png */,
				A6484D9018235811008041A7 /* item1@2x.png */,
				A6484D9118235811008041A7 /* item2.png */,
				A6484D9218235811008041A7 /* item2@2x.png */,
				A6484D9318235811008041A7 /* item3.png */,
				A6484D9418235811008041A7 /* item3@2x.png */,
				A6484D9518235811008041A7 /* item5.png */,
				A6484D9618235811008041A7 /* item5@2x.png */,
				A6484D9718235811008041A7 /* item6.png */,
				A6484D9818235811008041A7 /* item6@2x.png */,
				A6484D9918235811008041A7 /* item7.png */,
				A6484D9A18235811008041A7 /* item7@2x.png */,
				A6484D9B18235811008041A7 /* leftWeaponAddon.png */,
				A6484D9C18235811008041A7 /* leftWeaponAddon@2x.png */,
				A6484D9D18235811008041A7 /* playerDestroyed1.png */,
				A6484D9E18235811008041A7 /* playerDestroyed1@2x.png */,
				A6484D9F18235811008041A7 /* playerDestroyed2.png */,
				A6484DA018235811008041A7 /* playerDestroyed2@2x.png */,
				A6484DA118235811008041A7 /* playerDestroyed3.png */,
				A6484DA218235811008041A7 /* playerDestroyed3@2x.png */,
				A6484DA318235811008041A7 /* playerDestroyed4.png */,
				A6484DA418235811008041A7 /* playerDestroyed4@2x.png */,
				A6484DA518235811008041A7 /* playerDestroyed5.png */,
				A6484DA618235811008041A7 /* playerDestroyed5@2x.png */,
				A6484DA718235811008041A7 /* playerDestroyed6.png */,
				A6484DA818235811008041A7 /* playerDestroyed6@2x.png */,
				A6484DA918235811008041A7 /* playerDestroyed7.png */,
				A6484DAA18235811008041A7 /* playerDestroyed7@2x.png */,
				A6484DAB18235811008041A7 /* playerDestroyed8.png */,
				A6484DAC18235811008041A7 /* playerDestroyed8@2x.png */,
				A6484DAD18235811008041A7 /* playerDestroyed9.png */,
				A6484DAE18235811008041A7 /* playerDestroyed9@2x.png */,
				A6484DAF18235811008041A7 /* playerDestroyed10 @2xpng.png */,
				A6484DB018235811008041A7 /* playerDestroyed10.png */,
				A6484DB118235811008041A7 /* playerDestroyed11.png */,
				A6484DB218235811008041A7 /* playerDestroyed11@2x.png */,
				A6484DB318235811008041A7 /* rightWeaponAddon.png */,
				A6484DB418235811008041A7 /* rightWeaponAddon@2x.png */,
				A6484D6D182346D0008041A7 /* playerLeftShip.png */,
				A6484D6E182346D0008041A7 /* playerLeftShip@2x.png */,
				A6484D6F182346D0008041A7 /* playerRightShip.png */,
				A6484D70182346D0008041A7 /* playerRightShip@2x.png */,
				A66DB8201821D9E10083DEF3 /* greenBomberAlien.png */,
				A66DB8211821D9E10083DEF3 /* greenBomberAlien@2x.png */,
				A66DB8221821D9E10083DEF3 /* greenBomberLeftAlien.png */,
				A66DB8231821D9E10083DEF3 /* greenBomberLeftAlien@2x.png */,
				A66DB8241821D9E10083DEF3 /* greenBomberRightAlien.png */,
				A66DB8251821D9E10083DEF3 /* greenBomberRightAlien@2x.png */,
				A66DB8261821D9E10083DEF3 /* greenFighterAlien.png */,
				A66DB8271821D9E10083DEF3 /* greenFighterAlien@2x.png */,
				A66DB8281821D9E10083DEF3 /* greenFighterLeftAlien.png */,
				A66DB8291821D9E10083DEF3 /* greenFighterLeftAlien@2x.png */,
				A66DB82A1821D9E10083DEF3 /* greenFighterRightAlien.png */,
				A66DB82B1821D9E10083DEF3 /* greenFighterRightAlien@2x.png */,
				A66DB82C1821D9E10083DEF3 /* orangeJuggernautAlien.png */,
				A66DB82D1821D9E10083DEF3 /* orangeJuggernautAlien@2x.png */,
				A66DB82E1821D9E10083DEF3 /* orangeJuggernautLeftAlien.png */,
				A66DB82F1821D9E10083DEF3 /* orangeJuggernautLeftAlien@2x.png */,
				A66DB8301821D9E10083DEF3 /* orangeJuggernautRightAlien.png */,
				A66DB8311821D9E10083DEF3 /* orangeJuggernautRightAlien@2x.png */,
				A66DB8321821D9E10083DEF3 /* redBomberAlien.png */,
				A66DB8331821D9E10083DEF3 /* redBomberAlien@2x.png */,
				A66DB8341821D9E10083DEF3 /* redBomberLeftAlien.png */,
				A66DB8351821D9E10083DEF3 /* redBomberLeftAlien@2x.png */,
				A66DB8361821D9E10083DEF3 /* redBomberRightAlien.png */,
				A66DB8371821D9E10083DEF3 /* redBomberRightAlien@2x.png */,
				A66DB8381821D9E10083DEF3 /* redFighterAlien.png */,
				A66DB8391821D9E10083DEF3 /* redFighterAlien@2x.png */,
				A66DB83A1821D9E10083DEF3 /* redFighterLeftAlien.png */,
				A66DB83B1821D9E10083DEF3 /* redFighterLeftAlien@2x.png */,
				A66DB83C1821D9E10083DEF3 /* redFighterRightAlien.png */,
				A66DB83D1821D9E10083DEF3 /* redFighterRightAlien@2x.png */,
				A66DB83E1821D9E10083DEF3 /* violetInterceptorAlien.png */,
				A66DB83F1821D9E10083DEF3 /* violetInterceptorAlien@2x.png */,
				A66DB8401821D9E10083DEF3 /* violetInterceptorLeftAlien.png */,
				A66DB8411821D9E10083DEF3 /* violetInterceptorLeftAlien@2x.png */,
				A66DB8421821D9E10083DEF3 /* violetInterceptorRightAlien.png */,
				A66DB8431821D9E10083DEF3 /* violetInterceptorRightAlien@2x.png */,
				A66DB8441821D9E10083DEF3 /* yellowInterceptorAlien.png */,
				A66DB8451821D9E10083DEF3 /* yellowInterceptorAlien@2x.png */,
				A66DB8461821D9E10083DEF3 /* yellowInterceptorLeftAlien.png */,
				A66DB8471821D9E10083DEF3 /* yellowInterceptorLeftAlien@2x.png */,
				A66DB8481821D9E10083DEF3 /* yellowInterceptorRightAlien.png */,
				A66DB8491821D9E10083DEF3 /* yellowInterceptorRightAlien@2x.png */,
				A66DB84A1821D9E10083DEF3 /* yellowJuggernautAlien.png */,
				A66DB84B1821D9E10083DEF3 /* yellowJuggernautAlien@2x.png */,
				A66DB84C1821D9E10083DEF3 /* yellowJuggernautLeftAlien.png */,
				A66DB84D1821D9E10083DEF3 /* yellowJuggernautLeftAlien@2x.png */,
				A66DB84E1821D9E10083DEF3 /* yellowJuggernautRightAlien.png */,
				A66DB84F1821D9E10083DEF3 /* yellowJuggernautRightAlien@2x.png */,
				A6E1139E1820E96C00847F33 /* spaceBackground.jpg */,
				A6E1139F1820E96C00847F33 /* spaceBackground@2x.jpg */,
				A6E113741820D43300847F33 /* playerShot.png */,
				A6E113751820D43300847F33 /* playerShot@2x.png */,
				A6AFF406181F81AC004CD462 /* playerShip.png */,
				A6AFF407181F81AC004CD462 /* playerShip@2x.png */,
			);
			name = Images;
			sourceTree = "<group>";
		};
		A6E1137A1820D4A400847F33 /* Services */ = {
			isa = PBXGroup;
			children = (
				A6E1137B1820D4BE00847F33 /* ServiceBase.h */,
				A6E1137C1820D4BE00847F33 /* ServiceBase.m */,
				A6E1138E1820E2FC00847F33 /* BackgroundService.h */,
				A6E1138F1820E2FC00847F33 /* BackgroundService.m */,
				A6E1137E1820D51700847F33 /* LaserService.h */,
				A6E1137F1820D51700847F33 /* LaserService.m */,
				A6E1138B1820D97600847F33 /* PlayerService.h */,
				A6E1138C1820D97600847F33 /* PlayerService.m */,
				A66DB8831821DAF00083DEF3 /* AlienService.h */,
				A66DB8841821DAF00083DEF3 /* AlienService.m */,
				A66DB8861821DDCE0083DEF3 /* GameLogicService.h */,
				A66DB8871821DDCE0083DEF3 /* GameLogicService.m */,
			);
			name = Services;
			sourceTree = "<group>";
		};
		A6E113811820D5DD00847F33 /* DomainObjects */ = {
			isa = PBXGroup;
			children = (
				A6E113821820D61000847F33 /* DomainObjectBase.h */,
				A6E113831820D61000847F33 /* DomainObjectBase.m */,
				A6E113851820D62600847F33 /* Laser.h */,
				A6E113861820D62600847F33 /* Laser.m */,
				A6E113881820D72500847F33 /* Player.h */,
				A6E113891820D72500847F33 /* Player.m */,
				A6E113911820E31E00847F33 /* Background.h */,
				A6E113921820E31E00847F33 /* Background.m */,
				A66DB8801821DAB20083DEF3 /* Alien.h */,
				A66DB8811821DAB20083DEF3 /* Alien.m */,
			);
			name = DomainObjects;
			sourceTree = "<group>";
		};
		A6E113941820E69B00847F33 /* Categories */ = {
			isa = PBXGroup;
			children = (
				A6E1139B1820E6FC00847F33 /* UIScreen+ScreenSize.h */,
				A6E1139C1820E6FC00847F33 /* UIScreen+ScreenSize.m */,
			);
			name = Categories;
			sourceTree = "<group>";
		};
/* End PBXGroup section */

/* Begin PBXNativeTarget section */
		A6AFF3C1181F7BF5004CD462 /* Space */ = {
			isa = PBXNativeTarget;
			buildConfigurationList = A6AFF3FB181F7BF5004CD462 /* Build configuration list for PBXNativeTarget "Space" */;
			buildPhases = (
				A6AFF3BE181F7BF5004CD462 /* Sources */,
				A6AFF3BF181F7BF5004CD462 /* Frameworks */,
				A6AFF3C0181F7BF5004CD462 /* Resources */,
			);
			buildRules = (
			);
			dependencies = (
			);
			name = Space;
			productName = Space;
			productReference = A6AFF3C2181F7BF5004CD462 /* Space.app */;
			productType = "com.apple.product-type.application";
		};
		A6AFF3E9181F7BF5004CD462 /* SpaceTests */ = {
			isa = PBXNativeTarget;
			buildConfigurationList = A6AFF3FE181F7BF5004CD462 /* Build configuration list for PBXNativeTarget "SpaceTests" */;
			buildPhases = (
				A6AFF3E6181F7BF5004CD462 /* Sources */,
				A6AFF3E7181F7BF5004CD462 /* Frameworks */,
				A6AFF3E8181F7BF5004CD462 /* Resources */,
			);
			buildRules = (
			);
			dependencies = (
				A6AFF3F0181F7BF5004CD462 /* PBXTargetDependency */,
			);
			name = SpaceTests;
			productName = SpaceTests;
			productReference = A6AFF3EA181F7BF5004CD462 /* SpaceTests.xctest */;
			productType = "com.apple.product-type.bundle.unit-test";
		};
/* End PBXNativeTarget section */

/* Begin PBXProject section */
		A6AFF3BA181F7BF5004CD462 /* Project object */ = {
			isa = PBXProject;
			attributes = {
				LastUpgradeCheck = 0500;
				ORGANIZATIONNAME = "Trent Ellingsen";
				TargetAttributes = {
					A6AFF3E9181F7BF5004CD462 = {
						TestTargetID = A6AFF3C1181F7BF5004CD462;
					};
				};
			};
			buildConfigurationList = A6AFF3BD181F7BF5004CD462 /* Build configuration list for PBXProject "Space" */;
			compatibilityVersion = "Xcode 3.2";
			developmentRegion = English;
			hasScannedForEncodings = 0;
			knownRegions = (
				en,
				Base,
			);
			mainGroup = A6AFF3B9181F7BF5004CD462;
			productRefGroup = A6AFF3C3181F7BF5004CD462 /* Products */;
			projectDirPath = "";
			projectRoot = "";
			targets = (
				A6AFF3C1181F7BF5004CD462 /* Space */,
				A6AFF3E9181F7BF5004CD462 /* SpaceTests */,
			);
		};
/* End PBXProject section */

/* Begin PBXResourcesBuildPhase section */
		A6AFF3C0181F7BF5004CD462 /* Resources */ = {
			isa = PBXResourcesBuildPhase;
			buildActionMask = 2147483647;
			files = (
				A66DB86C1821D9E10083DEF3 /* redFighterRightAlien.png in Resources */,
				A6484D72182346D0008041A7 /* playerLeftShip@2x.png in Resources */,
				A66DB8621821D9E10083DEF3 /* redBomberAlien.png in Resources */,
				A66DB87C1821D9E10083DEF3 /* yellowJuggernautLeftAlien.png in Resources */,
				A6484DE618235811008041A7 /* playerDestroyed5@2x.png in Resources */,
				A66DB85E1821D9E10083DEF3 /* orangeJuggernautLeftAlien.png in Resources */,
				A6AFF3D2181F7BF5004CD462 /* InfoPlist.strings in Resources */,
				A6AFF40C181F81AC004CD462 /* playerShip.png in Resources */,
				A66DB8581821D9E10083DEF3 /* greenFighterLeftAlien.png in Resources */,
				A66DB8631821D9E10083DEF3 /* redBomberAlien@2x.png in Resources */,
				A6484DCE18235811008041A7 /* boosters@2x.png in Resources */,
				A66DB8701821D9E10083DEF3 /* violetInterceptorLeftAlien.png in Resources */,
				A66DB85C1821D9E10083DEF3 /* orangeJuggernautAlien.png in Resources */,
				A6484DBB18235811008041A7 /* alienDestroyed5.png in Resources */,
				A66DB8501821D9E10083DEF3 /* greenBomberAlien.png in Resources */,
				A6484DEF18235811008041A7 /* playerDestroyed10 @2xpng.png in Resources */,
				A6484DD918235811008041A7 /* item7.png in Resources */,
				A6484DB918235811008041A7 /* alienDestroyed4.png in Resources */,
				A6AFF40D181F81AC004CD462 /* playerShip@2x.png in Resources */,
				A66DB87E1821D9E10083DEF3 /* yellowJuggernautRightAlien.png in Resources */,
				A6484DF118235811008041A7 /* playerDestroyed11.png in Resources */,
				A6484DB518235811008041A7 /* alienDestroyed2.png in Resources */,
				A6484DCC18235811008041A7 /* alienLaserShot@2x.png in Resources */,
				A6484DC418235811008041A7 /* alienDestroyed9@2x.png in Resources */,
				A66DB85F1821D9E10083DEF3 /* orangeJuggernautLeftAlien@2x.png in Resources */,
				A6484DF418235811008041A7 /* rightWeaponAddon@2x.png in Resources */,
				A6484DD218235811008041A7 /* item2@2x.png in Resources */,
				A66DB8791821D9E10083DEF3 /* yellowInterceptorRightAlien@2x.png in Resources */,
				A66DB87D1821D9E10083DEF3 /* yellowJuggernautLeftAlien@2x.png in Resources */,
				A6484DDF18235811008041A7 /* playerDestroyed2.png in Resources */,
				A66DB8761821D9E10083DEF3 /* yellowInterceptorLeftAlien.png in Resources */,
				A66DB8551821D9E10083DEF3 /* greenBomberRightAlien@2x.png in Resources */,
				A6484DC218235811008041A7 /* alienDestroyed8@2x.png in Resources */,
				A6484DC518235811008041A7 /* alienDestroyed10.png in Resources */,
				A66DB8751821D9E10083DEF3 /* yellowInterceptorAlien@2x.png in Resources */,
				A66DB85B1821D9E10083DEF3 /* greenFighterRightAlien@2x.png in Resources */,
				A6484DD418235811008041A7 /* item3@2x.png in Resources */,
				A6484DD318235811008041A7 /* item3.png in Resources */,
				A6484DE418235811008041A7 /* playerDestroyed4@2x.png in Resources */,
				A66DB8781821D9E10083DEF3 /* yellowInterceptorRightAlien.png in Resources */,
				A66DB8671821D9E10083DEF3 /* redBomberRightAlien@2x.png in Resources */,
				A66DB8711821D9E10083DEF3 /* violetInterceptorLeftAlien@2x.png in Resources */,
				A66DB8571821D9E10083DEF3 /* greenFighterAlien@2x.png in Resources */,
				A6484DCA18235811008041A7 /* alienLaserRoundShot@2x.png in Resources */,
				A66DB8541821D9E10083DEF3 /* greenBomberRightAlien.png in Resources */,
				A66DB8741821D9E10083DEF3 /* yellowInterceptorAlien.png in Resources */,
				A66DB8561821D9E10083DEF3 /* greenFighterAlien.png in Resources */,
				A6E113771820D43300847F33 /* playerShot.png in Resources */,
				A6484DE718235811008041A7 /* playerDestroyed6.png in Resources */,
				A6AFF3E5181F7BF5004CD462 /* Images.xcassets in Resources */,
				A6484DBF18235811008041A7 /* alienDestroyed7.png in Resources */,
				A6484DDA18235811008041A7 /* item7@2x.png in Resources */,
				A6484DE118235811008041A7 /* playerDestroyed3.png in Resources */,
				A6484DC718235811008041A7 /* alienDestroyed11.png in Resources */,
				A6484DF018235811008041A7 /* playerDestroyed10.png in Resources */,
				A6484DEB18235811008041A7 /* playerDestroyed8.png in Resources */,
				A66DB86E1821D9E10083DEF3 /* violetInterceptorAlien.png in Resources */,
				A6484DB618235811008041A7 /* alienDestroyed2@2x.png in Resources */,
				A66DB86F1821D9E10083DEF3 /* violetInterceptorAlien@2x.png in Resources */,
				A66DB8691821D9E10083DEF3 /* redFighterAlien@2x.png in Resources */,
				A66DB85D1821D9E10083DEF3 /* orangeJuggernautAlien@2x.png in Resources */,
				A66DB8531821D9E10083DEF3 /* greenBomberLeftAlien@2x.png in Resources */,
				A6484DDD18235811008041A7 /* playerDestroyed1.png in Resources */,
				A66DB8521821D9E10083DEF3 /* greenBomberLeftAlien.png in Resources */,
				A6484DBE18235811008041A7 /* alienDestroyed6@2x.png in Resources */,
				A6484DD618235811008041A7 /* item5@2x.png in Resources */,
				A66DB8731821D9E10083DEF3 /* violetInterceptorRightAlien@2x.png in Resources */,
				A6484DBA18235811008041A7 /* alienDestroyed4@2x.png in Resources */,
				A6E113A11820E96C00847F33 /* spaceBackground@2x.jpg in Resources */,
				A6484DE918235811008041A7 /* playerDestroyed7.png in Resources */,
				A6484DE218235811008041A7 /* playerDestroyed3@2x.png in Resources */,
				A6484DEE18235811008041A7 /* playerDestroyed9@2x.png in Resources */,
				A6484DCF18235811008041A7 /* item1.png in Resources */,
				A66DB87F1821D9E10083DEF3 /* yellowJuggernautRightAlien@2x.png in Resources */,
				A66DB86A1821D9E10083DEF3 /* redFighterLeftAlien.png in Resources */,
				A66DB8651821D9E10083DEF3 /* redBomberLeftAlien@2x.png in Resources */,
				A6E113781820D43300847F33 /* playerShot@2x.png in Resources */,
				A6484DE318235811008041A7 /* playerDestroyed4.png in Resources */,
				A66DB8511821D9E10083DEF3 /* greenBomberAlien@2x.png in Resources */,
				A6484DC318235811008041A7 /* alienDestroyed9.png in Resources */,
				A6484DE018235811008041A7 /* playerDestroyed2@2x.png in Resources */,
				A6484DB818235811008041A7 /* alienDestroyed3@2x.png in Resources */,
				A66DB8601821D9E10083DEF3 /* orangeJuggernautRightAlien.png in Resources */,
				A6484DD718235811008041A7 /* item6.png in Resources */,
				A6484DEC18235811008041A7 /* playerDestroyed8@2x.png in Resources */,
				A6484DC118235811008041A7 /* alienDestroyed8.png in Resources */,
				A66DB8611821D9E10083DEF3 /* orangeJuggernautRightAlien@2x.png in Resources */,
				A6484DC618235811008041A7 /* alienDestroyed10@2x.png in Resources */,
				A6484DBC18235811008041A7 /* alienDestroyed5@2x.png in Resources */,
				A6484DEA18235811008041A7 /* playerDestroyed7@2x.png in Resources */,
				A6484D73182346D0008041A7 /* playerRightShip.png in Resources */,
				A6484DCB18235811008041A7 /* alienLaserShot.png in Resources */,
				A6484DD518235811008041A7 /* item5.png in Resources */,
				A6484DE518235811008041A7 /* playerDestroyed5.png in Resources */,
				A6484DF218235811008041A7 /* playerDestroyed11@2x.png in Resources */,
				A66DB86D1821D9E10083DEF3 /* redFighterRightAlien@2x.png in Resources */,
				A66DB8591821D9E10083DEF3 /* greenFighterLeftAlien@2x.png in Resources */,
				A6E113A01820E96C00847F33 /* spaceBackground.jpg in Resources */,
				A6484DCD18235811008041A7 /* boosters.png in Resources */,
				A6484DD118235811008041A7 /* item2.png in Resources */,
				A6484DBD18235811008041A7 /* alienDestroyed6.png in Resources */,
				A6484DDB18235811008041A7 /* leftWeaponAddon.png in Resources */,
				A6484DF318235811008041A7 /* rightWeaponAddon.png in Resources */,
				A6484DD018235811008041A7 /* item1@2x.png in Resources */,
				A6484DDC18235811008041A7 /* leftWeaponAddon@2x.png in Resources */,
				A66DB8681821D9E10083DEF3 /* redFighterAlien.png in Resources */,
				A66DB85A1821D9E10083DEF3 /* greenFighterRightAlien.png in Resources */,
				A6484DED18235811008041A7 /* playerDestroyed9.png in Resources */,
				A6484DDE18235811008041A7 /* playerDestroyed1@2x.png in Resources */,
				A6484DC918235811008041A7 /* alienLaserRoundShot.png in Resources */,
				A6484DB718235811008041A7 /* alienDestroyed3.png in Resources */,
				A66DB8721821D9E10083DEF3 /* violetInterceptorRightAlien.png in Resources */,
				A6484DC018235811008041A7 /* alienDestroyed7@2x.png in Resources */,
				A6AFF3DB181F7BF5004CD462 /* Main.storyboard in Resources */,
				A6484D71182346D0008041A7 /* playerLeftShip.png in Resources */,
				A66DB86B1821D9E10083DEF3 /* redFighterLeftAlien@2x.png in Resources */,
				A66DB8641821D9E10083DEF3 /* redBomberLeftAlien.png in Resources */,
				A6484DC818235811008041A7 /* alienDestroyed11@2x.png in Resources */,
				A6484D74182346D0008041A7 /* playerRightShip@2x.png in Resources */,
				A6484DE818235811008041A7 /* playerDestroyed6@2x.png in Resources */,
				A66DB87A1821D9E10083DEF3 /* yellowJuggernautAlien.png in Resources */,
				A66DB8771821D9E10083DEF3 /* yellowInterceptorLeftAlien@2x.png in Resources */,
				A66DB8661821D9E10083DEF3 /* redBomberRightAlien.png in Resources */,
				A6484DD818235811008041A7 /* item6@2x.png in Resources */,
				A66DB87B1821D9E10083DEF3 /* yellowJuggernautAlien@2x.png in Resources */,
			);
			runOnlyForDeploymentPostprocessing = 0;
		};
		A6AFF3E8181F7BF5004CD462 /* Resources */ = {
			isa = PBXResourcesBuildPhase;
			buildActionMask = 2147483647;
			files = (
				A6AFF3F6181F7BF5004CD462 /* InfoPlist.strings in Resources */,
			);
			runOnlyForDeploymentPostprocessing = 0;
		};
/* End PBXResourcesBuildPhase section */

/* Begin PBXSourcesBuildPhase section */
		A6AFF3BE181F7BF5004CD462 /* Sources */ = {
			isa = PBXSourcesBuildPhase;
			buildActionMask = 2147483647;
			files = (
				A6AFF3E1181F7BF5004CD462 /* MyScene.m in Sources */,
				A66DB8851821DAF00083DEF3 /* AlienService.m in Sources */,
				A6E113871820D62600847F33 /* Laser.m in Sources */,
				A6AFF3DE181F7BF5004CD462 /* GameViewController.m in Sources */,
				A6E1137D1820D4BE00847F33 /* ServiceBase.m in Sources */,
				A6E1139D1820E6FC00847F33 /* UIScreen+ScreenSize.m in Sources */,
				A66DB8881821DDCE0083DEF3 /* GameLogicService.m in Sources */,
				A6E1138D1820D97600847F33 /* PlayerService.m in Sources */,
				A6E113841820D61000847F33 /* DomainObjectBase.m in Sources */,
				A6AFF3D8181F7BF5004CD462 /* AppDelegate.m in Sources */,
				A6E113931820E31E00847F33 /* Background.m in Sources */,
				A66DB8821821DAB20083DEF3 /* Alien.m in Sources */,
				A66DB88F1821F7970083DEF3 /* SPEnums.m in Sources */,
				A66DB88C1821DF1C0083DEF3 /* SPConstants.m in Sources */,
				A6AFF3D4181F7BF5004CD462 /* main.m in Sources */,
				A6E1138A1820D72500847F33 /* Player.m in Sources */,
				A6E113801820D51700847F33 /* LaserService.m in Sources */,
				A6E113901820E2FC00847F33 /* BackgroundService.m in Sources */,
			);
			runOnlyForDeploymentPostprocessing = 0;
		};
		A6AFF3E6181F7BF5004CD462 /* Sources */ = {
			isa = PBXSourcesBuildPhase;
			buildActionMask = 2147483647;
			files = (
				A6AFF3F8181F7BF5004CD462 /* SpaceTests.m in Sources */,
			);
			runOnlyForDeploymentPostprocessing = 0;
		};
/* End PBXSourcesBuildPhase section */

/* Begin PBXTargetDependency section */
		A6AFF3F0181F7BF5004CD462 /* PBXTargetDependency */ = {
			isa = PBXTargetDependency;
			target = A6AFF3C1181F7BF5004CD462 /* Space */;
			targetProxy = A6AFF3EF181F7BF5004CD462 /* PBXContainerItemProxy */;
		};
/* End PBXTargetDependency section */

/* Begin PBXVariantGroup section */
		A6AFF3D0181F7BF5004CD462 /* InfoPlist.strings */ = {
			isa = PBXVariantGroup;
			children = (
				A6AFF3D1181F7BF5004CD462 /* en */,
			);
			name = InfoPlist.strings;
			sourceTree = "<group>";
		};
		A6AFF3D9181F7BF5004CD462 /* Main.storyboard */ = {
			isa = PBXVariantGroup;
			children = (
				A6AFF3DA181F7BF5004CD462 /* Base */,
			);
			name = Main.storyboard;
			sourceTree = "<group>";
		};
		A6AFF3F4181F7BF5004CD462 /* InfoPlist.strings */ = {
			isa = PBXVariantGroup;
			children = (
				A6AFF3F5181F7BF5004CD462 /* en */,
			);
			name = InfoPlist.strings;
			sourceTree = "<group>";
		};
/* End PBXVariantGroup section */

/* Begin XCBuildConfiguration section */
		A6AFF3F9181F7BF5004CD462 /* Debug */ = {
			isa = XCBuildConfiguration;
			buildSettings = {
				ALWAYS_SEARCH_USER_PATHS = NO;
				ARCHS = "$(ARCHS_STANDARD_INCLUDING_64_BIT)";
				CLANG_CXX_LANGUAGE_STANDARD = "gnu++0x";
				CLANG_CXX_LIBRARY = "libc++";
				CLANG_ENABLE_MODULES = YES;
				CLANG_ENABLE_OBJC_ARC = YES;
				CLANG_WARN_BOOL_CONVERSION = YES;
				CLANG_WARN_CONSTANT_CONVERSION = YES;
				CLANG_WARN_DIRECT_OBJC_ISA_USAGE = YES_ERROR;
				CLANG_WARN_EMPTY_BODY = YES;
				CLANG_WARN_ENUM_CONVERSION = YES;
				CLANG_WARN_INT_CONVERSION = YES;
				CLANG_WARN_OBJC_ROOT_CLASS = YES_ERROR;
				CLANG_WARN__DUPLICATE_METHOD_MATCH = YES;
				"CODE_SIGN_IDENTITY[sdk=iphoneos*]" = "iPhone Developer";
				COPY_PHASE_STRIP = NO;
				GCC_C_LANGUAGE_STANDARD = gnu99;
				GCC_DYNAMIC_NO_PIC = NO;
				GCC_OPTIMIZATION_LEVEL = 0;
				GCC_PREPROCESSOR_DEFINITIONS = (
					"DEBUG=1",
					"$(inherited)",
				);
				GCC_SYMBOLS_PRIVATE_EXTERN = NO;
				GCC_WARN_64_TO_32_BIT_CONVERSION = YES;
				GCC_WARN_ABOUT_RETURN_TYPE = YES_ERROR;
				GCC_WARN_UNDECLARED_SELECTOR = YES;
				GCC_WARN_UNINITIALIZED_AUTOS = YES;
				GCC_WARN_UNUSED_FUNCTION = YES;
				GCC_WARN_UNUSED_VARIABLE = YES;
				IPHONEOS_DEPLOYMENT_TARGET = 7.0;
				ONLY_ACTIVE_ARCH = YES;
				SDKROOT = iphoneos;
			};
			name = Debug;
		};
		A6AFF3FA181F7BF5004CD462 /* Release */ = {
			isa = XCBuildConfiguration;
			buildSettings = {
				ALWAYS_SEARCH_USER_PATHS = NO;
				ARCHS = "$(ARCHS_STANDARD_INCLUDING_64_BIT)";
				CLANG_CXX_LANGUAGE_STANDARD = "gnu++0x";
				CLANG_CXX_LIBRARY = "libc++";
				CLANG_ENABLE_MODULES = YES;
				CLANG_ENABLE_OBJC_ARC = YES;
				CLANG_WARN_BOOL_CONVERSION = YES;
				CLANG_WARN_CONSTANT_CONVERSION = YES;
				CLANG_WARN_DIRECT_OBJC_ISA_USAGE = YES_ERROR;
				CLANG_WARN_EMPTY_BODY = YES;
				CLANG_WARN_ENUM_CONVERSION = YES;
				CLANG_WARN_INT_CONVERSION = YES;
				CLANG_WARN_OBJC_ROOT_CLASS = YES_ERROR;
				CLANG_WARN__DUPLICATE_METHOD_MATCH = YES;
				"CODE_SIGN_IDENTITY[sdk=iphoneos*]" = "iPhone Developer";
				COPY_PHASE_STRIP = YES;
				ENABLE_NS_ASSERTIONS = NO;
				GCC_C_LANGUAGE_STANDARD = gnu99;
				GCC_WARN_64_TO_32_BIT_CONVERSION = YES;
				GCC_WARN_ABOUT_RETURN_TYPE = YES_ERROR;
				GCC_WARN_UNDECLARED_SELECTOR = YES;
				GCC_WARN_UNINITIALIZED_AUTOS = YES;
				GCC_WARN_UNUSED_FUNCTION = YES;
				GCC_WARN_UNUSED_VARIABLE = YES;
				IPHONEOS_DEPLOYMENT_TARGET = 7.0;
				SDKROOT = iphoneos;
				VALIDATE_PRODUCT = YES;
			};
			name = Release;
		};
		A6AFF3FC181F7BF5004CD462 /* Debug */ = {
			isa = XCBuildConfiguration;
			buildSettings = {
				ASSETCATALOG_COMPILER_APPICON_NAME = AppIcon;
				ASSETCATALOG_COMPILER_LAUNCHIMAGE_NAME = LaunchImage;
				GCC_PRECOMPILE_PREFIX_HEADER = YES;
				GCC_PREFIX_HEADER = "Space/Space-Prefix.pch";
				INFOPLIST_FILE = "Space/Space-Info.plist";
				PRODUCT_NAME = "$(TARGET_NAME)";
				SPRITEKIT_TEXTURE_ATLAS_OUTPUT = YES;
				WRAPPER_EXTENSION = app;
			};
			name = Debug;
		};
		A6AFF3FD181F7BF5004CD462 /* Release */ = {
			isa = XCBuildConfiguration;
			buildSettings = {
				ASSETCATALOG_COMPILER_APPICON_NAME = AppIcon;
				ASSETCATALOG_COMPILER_LAUNCHIMAGE_NAME = LaunchImage;
				GCC_PRECOMPILE_PREFIX_HEADER = YES;
				GCC_PREFIX_HEADER = "Space/Space-Prefix.pch";
				INFOPLIST_FILE = "Space/Space-Info.plist";
				PRODUCT_NAME = "$(TARGET_NAME)";
				SPRITEKIT_TEXTURE_ATLAS_OUTPUT = YES;
				WRAPPER_EXTENSION = app;
			};
			name = Release;
		};
		A6AFF3FF181F7BF5004CD462 /* Debug */ = {
			isa = XCBuildConfiguration;
			buildSettings = {
				ARCHS = "$(ARCHS_STANDARD_INCLUDING_64_BIT)";
				BUNDLE_LOADER = "$(BUILT_PRODUCTS_DIR)/Space.app/Space";
				FRAMEWORK_SEARCH_PATHS = (
					"$(SDKROOT)/Developer/Library/Frameworks",
					"$(inherited)",
					"$(DEVELOPER_FRAMEWORKS_DIR)",
				);
				GCC_PRECOMPILE_PREFIX_HEADER = YES;
				GCC_PREFIX_HEADER = "Space/Space-Prefix.pch";
				GCC_PREPROCESSOR_DEFINITIONS = (
					"DEBUG=1",
					"$(inherited)",
				);
				INFOPLIST_FILE = "SpaceTests/SpaceTests-Info.plist";
				PRODUCT_NAME = "$(TARGET_NAME)";
				TEST_HOST = "$(BUNDLE_LOADER)";
				WRAPPER_EXTENSION = xctest;
			};
			name = Debug;
		};
		A6AFF400181F7BF5004CD462 /* Release */ = {
			isa = XCBuildConfiguration;
			buildSettings = {
				ARCHS = "$(ARCHS_STANDARD_INCLUDING_64_BIT)";
				BUNDLE_LOADER = "$(BUILT_PRODUCTS_DIR)/Space.app/Space";
				FRAMEWORK_SEARCH_PATHS = (
					"$(SDKROOT)/Developer/Library/Frameworks",
					"$(inherited)",
					"$(DEVELOPER_FRAMEWORKS_DIR)",
				);
				GCC_PRECOMPILE_PREFIX_HEADER = YES;
				GCC_PREFIX_HEADER = "Space/Space-Prefix.pch";
				INFOPLIST_FILE = "SpaceTests/SpaceTests-Info.plist";
				PRODUCT_NAME = "$(TARGET_NAME)";
				TEST_HOST = "$(BUNDLE_LOADER)";
				WRAPPER_EXTENSION = xctest;
			};
			name = Release;
		};
/* End XCBuildConfiguration section */

/* Begin XCConfigurationList section */
		A6AFF3BD181F7BF5004CD462 /* Build configuration list for PBXProject "Space" */ = {
			isa = XCConfigurationList;
			buildConfigurations = (
				A6AFF3F9181F7BF5004CD462 /* Debug */,
				A6AFF3FA181F7BF5004CD462 /* Release */,
			);
			defaultConfigurationIsVisible = 0;
			defaultConfigurationName = Release;
		};
		A6AFF3FB181F7BF5004CD462 /* Build configuration list for PBXNativeTarget "Space" */ = {
			isa = XCConfigurationList;
			buildConfigurations = (
				A6AFF3FC181F7BF5004CD462 /* Debug */,
				A6AFF3FD181F7BF5004CD462 /* Release */,
			);
			defaultConfigurationIsVisible = 0;
			defaultConfigurationName = Release;
		};
		A6AFF3FE181F7BF5004CD462 /* Build configuration list for PBXNativeTarget "SpaceTests" */ = {
			isa = XCConfigurationList;
			buildConfigurations = (
				A6AFF3FF181F7BF5004CD462 /* Debug */,
				A6AFF400181F7BF5004CD462 /* Release */,
			);
			defaultConfigurationIsVisible = 0;
			defaultConfigurationName = Release;
		};
/* End XCConfigurationList section */
	};
	rootObject = A6AFF3BA181F7BF5004CD462 /* Project object */;
}
